// !$*UTF8*$!
{
	archiveVersion = 1;
	classes = {
	};
	objectVersion = 56;
	objects = {

/* Begin PBXBuildFile section */
		3D1CE1B22AA0607D002B31C4 /* DeleteNFTView.swift in Sources */ = {isa = PBXBuildFile; fileRef = 3D1CE1B12AA0607D002B31C4 /* DeleteNFTView.swift */; };
		3D3F6A9C2AB19E7700451D13 /* AlertModel.swift in Sources */ = {isa = PBXBuildFile; fileRef = 3D3F6A9B2AB19E7700451D13 /* AlertModel.swift */; };
		3D3F6A9E2AB3878600451D13 /* SavingManager.swift in Sources */ = {isa = PBXBuildFile; fileRef = 3D3F6A9D2AB3878600451D13 /* SavingManager.swift */; };
		3D4476052A98B65500683647 /* CartNFTCell.swift in Sources */ = {isa = PBXBuildFile; fileRef = 3D4476042A98B65500683647 /* CartNFTCell.swift */; };
		3D4476072A98B91600683647 /* UIImage+Extension.swift in Sources */ = {isa = PBXBuildFile; fileRef = 3D4476062A98B91600683647 /* UIImage+Extension.swift */; };
		3D54FB5E2A9FF03500859D28 /* CartPresenter.swift in Sources */ = {isa = PBXBuildFile; fileRef = 3D54FB5D2A9FF03500859D28 /* CartPresenter.swift */; };
		3D6EB1E22AB8DF8B00C263BE /* UIColor + Extension.swift in Sources */ = {isa = PBXBuildFile; fileRef = 920BE3762A98A43A009B2F43 /* UIColor + Extension.swift */; };
		3D6EB1E32AB8DF8F00C263BE /* CartControllerProtocol.swift in Sources */ = {isa = PBXBuildFile; fileRef = 3DEBDFDB2A97D474001C7517 /* CartControllerProtocol.swift */; };
		3D6EB1E42AB8DF9300C263BE /* Strings.swift in Sources */ = {isa = PBXBuildFile; fileRef = 3DEBDFCD2A97CE4F001C7517 /* Strings.swift */; };
		3D76F77C2A9901F900C6FC84 /* CartCellModel.swift in Sources */ = {isa = PBXBuildFile; fileRef = 3D76F77B2A9901F900C6FC84 /* CartCellModel.swift */; };
		3D81A69E2AA5A202008ECF46 /* PaymentConfirmationViewController.swift in Sources */ = {isa = PBXBuildFile; fileRef = 3D81A69D2AA5A202008ECF46 /* PaymentConfirmationViewController.swift */; };
		3D81A6A02AA5AEB5008ECF46 /* PaymentConfirmationPresenter.swift in Sources */ = {isa = PBXBuildFile; fileRef = 3D81A69F2AA5AEB5008ECF46 /* PaymentConfirmationPresenter.swift */; };
		3D81A6A42AA5B937008ECF46 /* OrderPaymentResponse.swift in Sources */ = {isa = PBXBuildFile; fileRef = 3D81A6A32AA5B937008ECF46 /* OrderPaymentResponse.swift */; };
		3D81A6A62AA5C04A008ECF46 /* PaymentManager.swift in Sources */ = {isa = PBXBuildFile; fileRef = 3D81A6A52AA5C04A008ECF46 /* PaymentManager.swift */; };
		3D81A6AA2AA5C2C5008ECF46 /* OrderResponse.swift in Sources */ = {isa = PBXBuildFile; fileRef = 3D81A6A92AA5C2C5008ECF46 /* OrderResponse.swift */; };
		3D81A6AC2AA5CBC0008ECF46 /* PaymentManagerStub.swift in Sources */ = {isa = PBXBuildFile; fileRef = 3D81A6AB2AA5CBC0008ECF46 /* PaymentManagerStub.swift */; };
		3DCFE47A2AA257F400E3A222 /* CurrencyCell.swift in Sources */ = {isa = PBXBuildFile; fileRef = 3DCFE4792AA257F400E3A222 /* CurrencyCell.swift */; };
		3DCFE47C2AA25BC200E3A222 /* PaymentViewController.swift in Sources */ = {isa = PBXBuildFile; fileRef = 3DCFE47B2AA25BC200E3A222 /* PaymentViewController.swift */; };
		3DCFE47E2AA25F1600E3A222 /* Currency.swift in Sources */ = {isa = PBXBuildFile; fileRef = 3DCFE47D2AA25F1600E3A222 /* Currency.swift */; };
		3DCFE4802AA32BCD00E3A222 /* PaymentPresenter.swift in Sources */ = {isa = PBXBuildFile; fileRef = 3DCFE47F2AA32BCD00E3A222 /* PaymentPresenter.swift */; };
		3DCFE4822AA32DBC00E3A222 /* NetworkManager.swift in Sources */ = {isa = PBXBuildFile; fileRef = 3DCFE4812AA32DBC00E3A222 /* NetworkManager.swift */; };
		3DCFE4842AA331B300E3A222 /* PaymentRequests.swift in Sources */ = {isa = PBXBuildFile; fileRef = 3DCFE4832AA331B300E3A222 /* PaymentRequests.swift */; };
		3DCFE4862AA33D7900E3A222 /* CurrencyCellModel.swift in Sources */ = {isa = PBXBuildFile; fileRef = 3DCFE4852AA33D7900E3A222 /* CurrencyCellModel.swift */; };
		3DCFE4882AA34A4400E3A222 /* PaymentPresenterTests.swift in Sources */ = {isa = PBXBuildFile; fileRef = 3DCFE4872AA34A4400E3A222 /* PaymentPresenterTests.swift */; };
		3DCFE48B2AA34AA700E3A222 /* NetworkManagerStub.swift in Sources */ = {isa = PBXBuildFile; fileRef = 3DCFE48A2AA34AA700E3A222 /* NetworkManagerStub.swift */; };
		3DCFE48D2AA34B0100E3A222 /* CurrencyMock.swift in Sources */ = {isa = PBXBuildFile; fileRef = 3DCFE48C2AA34B0100E3A222 /* CurrencyMock.swift */; };
		3DCFE48F2AA34C3A00E3A222 /* PaymentViewControllerSpy.swift in Sources */ = {isa = PBXBuildFile; fileRef = 3DCFE48E2AA34C3A00E3A222 /* PaymentViewControllerSpy.swift */; };
		3DEBDFD42A97D17B001C7517 /* StarRatingView.swift in Sources */ = {isa = PBXBuildFile; fileRef = 3DEBDFD32A97D17B001C7517 /* StarRatingView.swift */; };
		3DEBDFD62A97D1A9001C7517 /* CustomButton.swift in Sources */ = {isa = PBXBuildFile; fileRef = 3DEBDFD52A97D1A9001C7517 /* CustomButton.swift */; };
		3DEBDFE02A97D4A5001C7517 /* FavouriteNFTControllerProtocol.swift in Sources */ = {isa = PBXBuildFile; fileRef = 3DEBDFDF2A97D4A5001C7517 /* FavouriteNFTControllerProtocol.swift */; };
		3DEE59DE2A97E06200F84C21 /* CartControllerTests.swift in Sources */ = {isa = PBXBuildFile; fileRef = 3DEE59DD2A97E06200F84C21 /* CartControllerTests.swift */; };
		3DEE59E02A97E22600F84C21 /* FavouriteNFTControllerTests.swift in Sources */ = {isa = PBXBuildFile; fileRef = 3DEE59DF2A97E22600F84C21 /* FavouriteNFTControllerTests.swift */; };
		3DEE59E82A97E2D600F84C21 /* NFT_MarketplaceUITests.swift in Sources */ = {isa = PBXBuildFile; fileRef = 3DEE59E72A97E2D600F84C21 /* NFT_MarketplaceUITests.swift */; };
		3F478ECF29DB474E00F6D39E /* Colors.swift in Sources */ = {isa = PBXBuildFile; fileRef = 3F478ECE29DB474E00F6D39E /* Colors.swift */; };
		3F603CCD29DB4A53000C43D7 /* ProgressHUD in Frameworks */ = {isa = PBXBuildFile; productRef = 3F603CCC29DB4A53000C43D7 /* ProgressHUD */; };
		3F603CD029DB4A74000C43D7 /* Kingfisher in Frameworks */ = {isa = PBXBuildFile; productRef = 3F603CCF29DB4A74000C43D7 /* Kingfisher */; };
		3F68069729CBBAF100B4F915 /* AppDelegate.swift in Sources */ = {isa = PBXBuildFile; fileRef = 3F68069629CBBAF100B4F915 /* AppDelegate.swift */; };
		3F68069929CBBAF100B4F915 /* SceneDelegate.swift in Sources */ = {isa = PBXBuildFile; fileRef = 3F68069829CBBAF100B4F915 /* SceneDelegate.swift */; };
		3F6806A029CBBAF200B4F915 /* Assets.xcassets in Resources */ = {isa = PBXBuildFile; fileRef = 3F68069F29CBBAF200B4F915 /* Assets.xcassets */; };
		3F6806A329CBBAF200B4F915 /* LaunchScreen.storyboard in Resources */ = {isa = PBXBuildFile; fileRef = 3F6806A129CBBAF200B4F915 /* LaunchScreen.storyboard */; };
		3F6806D129CBBE6B00B4F915 /* NetworkClient.swift in Sources */ = {isa = PBXBuildFile; fileRef = 3F6806D029CBBE6B00B4F915 /* NetworkClient.swift */; };
		3F6806D729CBC50A00B4F915 /* CellsReusingUtils.swift in Sources */ = {isa = PBXBuildFile; fileRef = 3F6806D629CBC50A00B4F915 /* CellsReusingUtils.swift */; };
		3FC8C38B29D242E90081F015 /* ProductDetailsTableViewCell.swift in Sources */ = {isa = PBXBuildFile; fileRef = 3FC8C38A29D242E90081F015 /* ProductDetailsTableViewCell.swift */; };
		3FC8C39129D2453B0081F015 /* ExampleRequest.swift in Sources */ = {isa = PBXBuildFile; fileRef = 3FC8C39029D2453B0081F015 /* ExampleRequest.swift */; };
		3FC8C39329D246BA0081F015 /* DateFormatters+Presets.swift in Sources */ = {isa = PBXBuildFile; fileRef = 3FC8C39229D246BA0081F015 /* DateFormatters+Presets.swift */; };
		6431B6742AAC8B6D00B0DAAF /* UsersCollectionViewController.swift in Sources */ = {isa = PBXBuildFile; fileRef = 6431B6732AAC8B6D00B0DAAF /* UsersCollectionViewController.swift */; };
		6431B6762AAC8B9400B0DAAF /* UsersCollectionPresenter.swift in Sources */ = {isa = PBXBuildFile; fileRef = 6431B6752AAC8B9400B0DAAF /* UsersCollectionPresenter.swift */; };
		6431B6782AAC8BA000B0DAAF /* UsersCollectionService.swift in Sources */ = {isa = PBXBuildFile; fileRef = 6431B6772AAC8BA000B0DAAF /* UsersCollectionService.swift */; };
		6431B67C2AB1E71F00B0DAAF /* Profile.swift in Sources */ = {isa = PBXBuildFile; fileRef = 6431B67B2AB1E71F00B0DAAF /* Profile.swift */; };
		6431B6822AB281BC00B0DAAF /* UserWebsiteWebView.swift in Sources */ = {isa = PBXBuildFile; fileRef = 6431B6812AB281BC00B0DAAF /* UserWebsiteWebView.swift */; };
		645E62E62AA1338500AD871D /* UserCardViewController.swift in Sources */ = {isa = PBXBuildFile; fileRef = 645E62E52AA1338500AD871D /* UserCardViewController.swift */; };
		645E62E82AA1340600AD871D /* UserCardPresenter.swift in Sources */ = {isa = PBXBuildFile; fileRef = 645E62E72AA1340600AD871D /* UserCardPresenter.swift */; };
		645E62EA2AA1342B00AD871D /* UserCardService.swift in Sources */ = {isa = PBXBuildFile; fileRef = 645E62E92AA1342B00AD871D /* UserCardService.swift */; };
		6487E5F42AB2EAE3006E90B9 /* CartControllerStub.swift in Sources */ = {isa = PBXBuildFile; fileRef = 6487E5F32AB2EAE3006E90B9 /* CartControllerStub.swift */; };
		6487E5F62AB2F3D3006E90B9 /* UserViewModel.swift in Sources */ = {isa = PBXBuildFile; fileRef = 6487E5F52AB2F3D3006E90B9 /* UserViewModel.swift */; };
		64AAD07F2AA67E74003E9211 /* UIBlockingProgressHUD.swift in Sources */ = {isa = PBXBuildFile; fileRef = 64AAD07E2AA67E74003E9211 /* UIBlockingProgressHUD.swift */; };
		64BA8B862A9BF65F007BE1F3 /* StatisticsViewController.swift in Sources */ = {isa = PBXBuildFile; fileRef = 64BA8B852A9BF65F007BE1F3 /* StatisticsViewController.swift */; };
		64E1852F2A9BF95D004ACD0A /* StatisticsCell.swift in Sources */ = {isa = PBXBuildFile; fileRef = 64E1852E2A9BF95D004ACD0A /* StatisticsCell.swift */; };
		64E185412A9D3880004ACD0A /* StatisticsPresenter.swift in Sources */ = {isa = PBXBuildFile; fileRef = 64E185402A9D3880004ACD0A /* StatisticsPresenter.swift */; };
		64E185432A9D44F7004ACD0A /* UserDataService.swift in Sources */ = {isa = PBXBuildFile; fileRef = 64E185422A9D44F7004ACD0A /* UserDataService.swift */; };
		64E185452A9E1BB0004ACD0A /* Users.swift in Sources */ = {isa = PBXBuildFile; fileRef = 64E185442A9E1BB0004ACD0A /* Users.swift */; };
		924849AE2AB9F00500433452 /* Fonts.swift in Sources */ = {isa = PBXBuildFile; fileRef = 3F478ED029DB476500F6D39E /* Fonts.swift */; };
		924849AF2AB9F00800433452 /* NetworkTask.swift in Sources */ = {isa = PBXBuildFile; fileRef = 3F6806D429CBBEC700B4F915 /* NetworkTask.swift */; };
		924849B02AB9F00C00433452 /* NFT.swift in Sources */ = {isa = PBXBuildFile; fileRef = 3DEBDFE12A97D4C9001C7517 /* NFT.swift */; };
		924849B12AB9F00F00433452 /* FavoritesNFTViewController.swift in Sources */ = {isa = PBXBuildFile; fileRef = 92D0F16A2AA860A6007D0EE9 /* FavoritesNFTViewController.swift */; };
		924849B22AB9F01200433452 /* ProductDetailsTableViewController.swift in Sources */ = {isa = PBXBuildFile; fileRef = 3F68069A29CBBAF100B4F915 /* ProductDetailsTableViewController.swift */; };
		924849B32AB9F01700433452 /* CartService.swift in Sources */ = {isa = PBXBuildFile; fileRef = 3DEBDFD92A97D45B001C7517 /* CartService.swift */; };
		924849B42AB9F05000433452 /* FavouriteNFTController.swift in Sources */ = {isa = PBXBuildFile; fileRef = 3DEBDFDD2A97D48E001C7517 /* FavouriteNFTController.swift */; };
		924849B82AB9F60400433452 /* Localizable.strings in Resources */ = {isa = PBXBuildFile; fileRef = 924849BA2AB9F60400433452 /* Localizable.strings */; };
		924849C32ABAEAB600433452 /* AnalyticsService.swift in Sources */ = {isa = PBXBuildFile; fileRef = 924849C22ABAEAB600433452 /* AnalyticsService.swift */; };
		924849C62ABAEBDA00433452 /* YandexMobileMetrica in Frameworks */ = {isa = PBXBuildFile; productRef = 924849C52ABAEBDA00433452 /* YandexMobileMetrica */; };
		924849C82ABAEBDA00433452 /* YandexMobileMetricaCrashes in Frameworks */ = {isa = PBXBuildFile; productRef = 924849C72ABAEBDA00433452 /* YandexMobileMetricaCrashes */; };
		924849CA2ABAEC3D00433452 /* AppMetrics.swift in Sources */ = {isa = PBXBuildFile; fileRef = 924849C92ABAEC3D00433452 /* AppMetrics.swift */; };
		924849CC2ABAEC7000433452 /* AppMetricsParametrs.swift in Sources */ = {isa = PBXBuildFile; fileRef = 924849CB2ABAEC7000433452 /* AppMetricsParametrs.swift */; };
		927DBB342AA0D9DC00A04FDF /* AppConfiguration.swift in Sources */ = {isa = PBXBuildFile; fileRef = 927DBB332AA0D9DC00A04FDF /* AppConfiguration.swift */; };
		927DBB362AA0D9E700A04FDF /* TabBarController.swift in Sources */ = {isa = PBXBuildFile; fileRef = 927DBB352AA0D9E700A04FDF /* TabBarController.swift */; };
		928F6B482AA0C373003023DD /* ProfileButton.swift in Sources */ = {isa = PBXBuildFile; fileRef = 928F6B472AA0C373003023DD /* ProfileButton.swift */; };
		928F6B4F2AA0C3E0003023DD /* UserProfile.swift in Sources */ = {isa = PBXBuildFile; fileRef = 928F6B4E2AA0C3E0003023DD /* UserProfile.swift */; };
		928F6B562AA0C42D003023DD /* ProfileViewController.swift in Sources */ = {isa = PBXBuildFile; fileRef = 928F6B532AA0C42D003023DD /* ProfileViewController.swift */; };
		928F6B572AA0C42D003023DD /* ProfileService.swift in Sources */ = {isa = PBXBuildFile; fileRef = 928F6B542AA0C42D003023DD /* ProfileService.swift */; };
		928F6B582AA0C42D003023DD /* ProfilePresenter.swift in Sources */ = {isa = PBXBuildFile; fileRef = 928F6B552AA0C42D003023DD /* ProfilePresenter.swift */; };
		928F6B5C2AA0C445003023DD /* UserProfileStackView.swift in Sources */ = {isa = PBXBuildFile; fileRef = 928F6B5A2AA0C445003023DD /* UserProfileStackView.swift */; };
		928F6B5D2AA0C445003023DD /* ProfileButtonsStackView.swift in Sources */ = {isa = PBXBuildFile; fileRef = 928F6B5B2AA0C445003023DD /* ProfileButtonsStackView.swift */; };
		92D0F14B2AA11793007D0EE9 /* ProfileEditStackView.swift in Sources */ = {isa = PBXBuildFile; fileRef = 92D0F14A2AA11793007D0EE9 /* ProfileEditStackView.swift */; };
		92D0F14D2AA1180E007D0EE9 /* ProfileEditViewController.swift in Sources */ = {isa = PBXBuildFile; fileRef = 92D0F14C2AA1180E007D0EE9 /* ProfileEditViewController.swift */; };
		92D0F14F2AA26E5E007D0EE9 /* ProfileEditUserPicture.swift in Sources */ = {isa = PBXBuildFile; fileRef = 92D0F14E2AA26E5E007D0EE9 /* ProfileEditUserPicture.swift */; };
		92D0F1522AA3628A007D0EE9 /* ProfileEditPresenter.swift in Sources */ = {isa = PBXBuildFile; fileRef = 92D0F1512AA3628A007D0EE9 /* ProfileEditPresenter.swift */; };
		92D0F1542AA3910C007D0EE9 /* UploadProfileModel.swift in Sources */ = {isa = PBXBuildFile; fileRef = 92D0F1532AA3910C007D0EE9 /* UploadProfileModel.swift */; };
		92D0F1652AA78DAC007D0EE9 /* MyNFTsViewController.swift in Sources */ = {isa = PBXBuildFile; fileRef = 92D0F1642AA78DAC007D0EE9 /* MyNFTsViewController.swift */; };
		92D0F1672AA78DED007D0EE9 /* MyNFTsPresenter.swift in Sources */ = {isa = PBXBuildFile; fileRef = 92D0F1662AA78DED007D0EE9 /* MyNFTsPresenter.swift */; };
		92D0F16D2AA88105007D0EE9 /* FavoritesNFTPresenter.swift in Sources */ = {isa = PBXBuildFile; fileRef = 92D0F16C2AA88105007D0EE9 /* FavoritesNFTPresenter.swift */; };
		92D0F1702AA8851D007D0EE9 /* AboutDeveloperViewController.swift in Sources */ = {isa = PBXBuildFile; fileRef = 92D0F16F2AA8851D007D0EE9 /* AboutDeveloperViewController.swift */; };
		92D0F1722AA9F91B007D0EE9 /* NFTTableViewCell.swift in Sources */ = {isa = PBXBuildFile; fileRef = 92D0F1712AA9F91B007D0EE9 /* NFTTableViewCell.swift */; };
		92D0F1742AAA340B007D0EE9 /* NFTModel.swift in Sources */ = {isa = PBXBuildFile; fileRef = 92D0F1732AAA340B007D0EE9 /* NFTModel.swift */; };
		92D0F1762AADD99E007D0EE9 /* FavoritesNFTCVCell.swift in Sources */ = {isa = PBXBuildFile; fileRef = 92D0F1752AADD99E007D0EE9 /* FavoritesNFTCVCell.swift */; };
		92D0F17C2AB5A00D007D0EE9 /* DeveloperCustomView.swift in Sources */ = {isa = PBXBuildFile; fileRef = 92D0F17B2AB5A00C007D0EE9 /* DeveloperCustomView.swift */; };
		92D0F17E2AB65CD3007D0EE9 /* DevelopersData.swift in Sources */ = {isa = PBXBuildFile; fileRef = 92D0F17D2AB65CD3007D0EE9 /* DevelopersData.swift */; };
		EC1DC7652A9CD55100C3C798 /* CatalogPresenter.swift in Sources */ = {isa = PBXBuildFile; fileRef = EC1DC7622A9CD55100C3C798 /* CatalogPresenter.swift */; };
		EC1DC7662A9CD55100C3C798 /* CatalogTableViewCell.swift in Sources */ = {isa = PBXBuildFile; fileRef = EC1DC7632A9CD55100C3C798 /* CatalogTableViewCell.swift */; };
		EC1DC7672A9CD55100C3C798 /* CatalogViewController.swift in Sources */ = {isa = PBXBuildFile; fileRef = EC1DC7642A9CD55100C3C798 /* CatalogViewController.swift */; };
		EC204CA22A9E11B900FB58E9 /* NFTTableViewRequest.swift in Sources */ = {isa = PBXBuildFile; fileRef = EC204CA12A9E11B900FB58E9 /* NFTTableViewRequest.swift */; };
		EC204CA42A9E1A6900FB58E9 /* UserByIdRequest.swift in Sources */ = {isa = PBXBuildFile; fileRef = EC204CA32A9E1A6900FB58E9 /* UserByIdRequest.swift */; };
		EC204CA62A9E1BD600FB58E9 /* NFTCollection.swift in Sources */ = {isa = PBXBuildFile; fileRef = EC204CA52A9E1BD600FB58E9 /* NFTCollection.swift */; };
		EC204CA92A9E445600FB58E9 /* CatalogDataProvider.swift in Sources */ = {isa = PBXBuildFile; fileRef = EC204CA82A9E445600FB58E9 /* CatalogDataProvider.swift */; };
		EC204CAB2A9F21B900FB58E9 /* NFTCollectionsSortAttributes.swift in Sources */ = {isa = PBXBuildFile; fileRef = EC204CAA2A9F21B900FB58E9 /* NFTCollectionsSortAttributes.swift */; };
		EC204CAD2A9F88F000FB58E9 /* String + Extension.swift in Sources */ = {isa = PBXBuildFile; fileRef = EC204CAC2A9F88F000FB58E9 /* String + Extension.swift */; };
		EC204CB02AA20A1F00FB58E9 /* CatalogСollectionViewController.swift in Sources */ = {isa = PBXBuildFile; fileRef = EC204CAF2AA20A1F00FB58E9 /* CatalogСollectionViewController.swift */; };
		EC204CB22AA3167E00FB58E9 /* NFTCollectionCell.swift in Sources */ = {isa = PBXBuildFile; fileRef = EC204CB12AA3167E00FB58E9 /* NFTCollectionCell.swift */; };
		EC4B91DD2AAB54590077A4F4 /* CatalogCollectionViewData.swift in Sources */ = {isa = PBXBuildFile; fileRef = EC4B91DC2AAB54590077A4F4 /* CatalogCollectionViewData.swift */; };
		EC4B91E12AAC69B30077A4F4 /* UserNetworkModel.swift in Sources */ = {isa = PBXBuildFile; fileRef = EC4B91E02AAC69B30077A4F4 /* UserNetworkModel.swift */; };
		EC4B91E32AADCDE80077A4F4 /* CollectionDataProvider.swift in Sources */ = {isa = PBXBuildFile; fileRef = EC4B91E22AADCDE80077A4F4 /* CollectionDataProvider.swift */; };
		EC4B91E52AADE8000077A4F4 /* UserModel.swift in Sources */ = {isa = PBXBuildFile; fileRef = EC4B91E42AADE8000077A4F4 /* UserModel.swift */; };
		EC4B91E72AAE1FB20077A4F4 /* NFTGetRequest.swift in Sources */ = {isa = PBXBuildFile; fileRef = EC4B91E62AAE1FB20077A4F4 /* NFTGetRequest.swift */; };
		EC8021A22AB1D0A60030D0A0 /* ProfileModel.swift in Sources */ = {isa = PBXBuildFile; fileRef = EC8021A12AB1D0A60030D0A0 /* ProfileModel.swift */; };
		EC8021A42AB1D1280030D0A0 /* ProfileUpdateRequest.swift in Sources */ = {isa = PBXBuildFile; fileRef = EC8021A32AB1D1280030D0A0 /* ProfileUpdateRequest.swift */; };
		EC8021A62AB324460030D0A0 /* ProfileGetRequest.swift in Sources */ = {isa = PBXBuildFile; fileRef = EC8021A52AB324460030D0A0 /* ProfileGetRequest.swift */; };
		EC8A946B2AAA1BAC00EBF303 /* CatalogСollectionPresenter.swift in Sources */ = {isa = PBXBuildFile; fileRef = EC8A946A2AAA1BAC00EBF303 /* CatalogСollectionPresenter.swift */; };
		ECA71AF42AB76792006FB5DD /* NetworkRequest.swift in Sources */ = {isa = PBXBuildFile; fileRef = 3F6806D229CBBE9600B4F915 /* NetworkRequest.swift */; };
		ECA71AF52AB83B46006FB5DD /* CartViewController.swift in Sources */ = {isa = PBXBuildFile; fileRef = 3DEBDFCF2A97CE8E001C7517 /* CartViewController.swift */; };
/* End PBXBuildFile section */

/* Begin PBXContainerItemProxy section */
		3DEE59D82A97E00F00F84C21 /* PBXContainerItemProxy */ = {
			isa = PBXContainerItemProxy;
			containerPortal = 3F68068B29CBBAF100B4F915 /* Project object */;
			proxyType = 1;
			remoteGlobalIDString = 3F68069229CBBAF100B4F915;
			remoteInfo = "NFT Marketplace";
		};
		3DEE59EB2A97E2D600F84C21 /* PBXContainerItemProxy */ = {
			isa = PBXContainerItemProxy;
			containerPortal = 3F68068B29CBBAF100B4F915 /* Project object */;
			proxyType = 1;
			remoteGlobalIDString = 3F68069229CBBAF100B4F915;
			remoteInfo = "NFT Marketplace";
		};
/* End PBXContainerItemProxy section */

/* Begin PBXFileReference section */
		3D1CE1B12AA0607D002B31C4 /* DeleteNFTView.swift */ = {isa = PBXFileReference; lastKnownFileType = sourcecode.swift; path = DeleteNFTView.swift; sourceTree = "<group>"; };
		3D3F6A9B2AB19E7700451D13 /* AlertModel.swift */ = {isa = PBXFileReference; lastKnownFileType = sourcecode.swift; path = AlertModel.swift; sourceTree = "<group>"; };
		3D3F6A9D2AB3878600451D13 /* SavingManager.swift */ = {isa = PBXFileReference; lastKnownFileType = sourcecode.swift; path = SavingManager.swift; sourceTree = "<group>"; };
		3D4476042A98B65500683647 /* CartNFTCell.swift */ = {isa = PBXFileReference; lastKnownFileType = sourcecode.swift; path = CartNFTCell.swift; sourceTree = "<group>"; };
		3D4476062A98B91600683647 /* UIImage+Extension.swift */ = {isa = PBXFileReference; lastKnownFileType = sourcecode.swift; path = "UIImage+Extension.swift"; sourceTree = "<group>"; };
		3D54FB5D2A9FF03500859D28 /* CartPresenter.swift */ = {isa = PBXFileReference; lastKnownFileType = sourcecode.swift; path = CartPresenter.swift; sourceTree = "<group>"; };
		3D76F77B2A9901F900C6FC84 /* CartCellModel.swift */ = {isa = PBXFileReference; lastKnownFileType = sourcecode.swift; path = CartCellModel.swift; sourceTree = "<group>"; };
		3D81A69D2AA5A202008ECF46 /* PaymentConfirmationViewController.swift */ = {isa = PBXFileReference; lastKnownFileType = sourcecode.swift; path = PaymentConfirmationViewController.swift; sourceTree = "<group>"; };
		3D81A69F2AA5AEB5008ECF46 /* PaymentConfirmationPresenter.swift */ = {isa = PBXFileReference; lastKnownFileType = sourcecode.swift; path = PaymentConfirmationPresenter.swift; sourceTree = "<group>"; };
		3D81A6A32AA5B937008ECF46 /* OrderPaymentResponse.swift */ = {isa = PBXFileReference; lastKnownFileType = sourcecode.swift; path = OrderPaymentResponse.swift; sourceTree = "<group>"; };
		3D81A6A52AA5C04A008ECF46 /* PaymentManager.swift */ = {isa = PBXFileReference; lastKnownFileType = sourcecode.swift; path = PaymentManager.swift; sourceTree = "<group>"; };
		3D81A6A92AA5C2C5008ECF46 /* OrderResponse.swift */ = {isa = PBXFileReference; lastKnownFileType = sourcecode.swift; path = OrderResponse.swift; sourceTree = "<group>"; };
		3D81A6AB2AA5CBC0008ECF46 /* PaymentManagerStub.swift */ = {isa = PBXFileReference; lastKnownFileType = sourcecode.swift; path = PaymentManagerStub.swift; sourceTree = "<group>"; };
		3DCFE4792AA257F400E3A222 /* CurrencyCell.swift */ = {isa = PBXFileReference; lastKnownFileType = sourcecode.swift; path = CurrencyCell.swift; sourceTree = "<group>"; };
		3DCFE47B2AA25BC200E3A222 /* PaymentViewController.swift */ = {isa = PBXFileReference; lastKnownFileType = sourcecode.swift; path = PaymentViewController.swift; sourceTree = "<group>"; };
		3DCFE47D2AA25F1600E3A222 /* Currency.swift */ = {isa = PBXFileReference; lastKnownFileType = sourcecode.swift; path = Currency.swift; sourceTree = "<group>"; };
		3DCFE47F2AA32BCD00E3A222 /* PaymentPresenter.swift */ = {isa = PBXFileReference; lastKnownFileType = sourcecode.swift; path = PaymentPresenter.swift; sourceTree = "<group>"; };
		3DCFE4812AA32DBC00E3A222 /* NetworkManager.swift */ = {isa = PBXFileReference; lastKnownFileType = sourcecode.swift; path = NetworkManager.swift; sourceTree = "<group>"; };
		3DCFE4832AA331B300E3A222 /* PaymentRequests.swift */ = {isa = PBXFileReference; lastKnownFileType = sourcecode.swift; path = PaymentRequests.swift; sourceTree = "<group>"; };
		3DCFE4852AA33D7900E3A222 /* CurrencyCellModel.swift */ = {isa = PBXFileReference; lastKnownFileType = sourcecode.swift; path = CurrencyCellModel.swift; sourceTree = "<group>"; };
		3DCFE4872AA34A4400E3A222 /* PaymentPresenterTests.swift */ = {isa = PBXFileReference; lastKnownFileType = sourcecode.swift; path = PaymentPresenterTests.swift; sourceTree = "<group>"; };
		3DCFE48A2AA34AA700E3A222 /* NetworkManagerStub.swift */ = {isa = PBXFileReference; lastKnownFileType = sourcecode.swift; path = NetworkManagerStub.swift; sourceTree = "<group>"; };
		3DCFE48C2AA34B0100E3A222 /* CurrencyMock.swift */ = {isa = PBXFileReference; lastKnownFileType = sourcecode.swift; path = CurrencyMock.swift; sourceTree = "<group>"; };
		3DCFE48E2AA34C3A00E3A222 /* PaymentViewControllerSpy.swift */ = {isa = PBXFileReference; lastKnownFileType = sourcecode.swift; path = PaymentViewControllerSpy.swift; sourceTree = "<group>"; };
		3DEBDFC92A97CDE2001C7517 /* AppConfiguration.swift */ = {isa = PBXFileReference; lastKnownFileType = sourcecode.swift; path = AppConfiguration.swift; sourceTree = "<group>"; };
		3DEBDFCB2A97CE1D001C7517 /* TabBarController.swift */ = {isa = PBXFileReference; lastKnownFileType = sourcecode.swift; path = TabBarController.swift; sourceTree = "<group>"; };
		3DEBDFCD2A97CE4F001C7517 /* Strings.swift */ = {isa = PBXFileReference; lastKnownFileType = sourcecode.swift; path = Strings.swift; sourceTree = "<group>"; };
		3DEBDFCF2A97CE8E001C7517 /* CartViewController.swift */ = {isa = PBXFileReference; lastKnownFileType = sourcecode.swift; path = CartViewController.swift; sourceTree = "<group>"; };
		3DEBDFD32A97D17B001C7517 /* StarRatingView.swift */ = {isa = PBXFileReference; lastKnownFileType = sourcecode.swift; path = StarRatingView.swift; sourceTree = "<group>"; };
		3DEBDFD52A97D1A9001C7517 /* CustomButton.swift */ = {isa = PBXFileReference; lastKnownFileType = sourcecode.swift; path = CustomButton.swift; sourceTree = "<group>"; };
		3DEBDFD92A97D45B001C7517 /* CartService.swift */ = {isa = PBXFileReference; lastKnownFileType = sourcecode.swift; path = CartService.swift; sourceTree = "<group>"; };
		3DEBDFDB2A97D474001C7517 /* CartControllerProtocol.swift */ = {isa = PBXFileReference; lastKnownFileType = sourcecode.swift; path = CartControllerProtocol.swift; sourceTree = "<group>"; };
		3DEBDFDD2A97D48E001C7517 /* FavouriteNFTController.swift */ = {isa = PBXFileReference; lastKnownFileType = sourcecode.swift; path = FavouriteNFTController.swift; sourceTree = "<group>"; };
		3DEBDFDF2A97D4A5001C7517 /* FavouriteNFTControllerProtocol.swift */ = {isa = PBXFileReference; lastKnownFileType = sourcecode.swift; path = FavouriteNFTControllerProtocol.swift; sourceTree = "<group>"; };
		3DEBDFE12A97D4C9001C7517 /* NFT.swift */ = {isa = PBXFileReference; lastKnownFileType = sourcecode.swift; path = NFT.swift; sourceTree = "<group>"; };
		3DEE59D42A97E00F00F84C21 /* NFT MarketplaceTests.xctest */ = {isa = PBXFileReference; explicitFileType = wrapper.cfbundle; includeInIndex = 0; path = "NFT MarketplaceTests.xctest"; sourceTree = BUILT_PRODUCTS_DIR; };
		3DEE59DD2A97E06200F84C21 /* CartControllerTests.swift */ = {isa = PBXFileReference; lastKnownFileType = sourcecode.swift; path = CartControllerTests.swift; sourceTree = "<group>"; };
		3DEE59DF2A97E22600F84C21 /* FavouriteNFTControllerTests.swift */ = {isa = PBXFileReference; lastKnownFileType = sourcecode.swift; path = FavouriteNFTControllerTests.swift; sourceTree = "<group>"; };
		3DEE59E52A97E2D500F84C21 /* NFT MarketplaceUITests.xctest */ = {isa = PBXFileReference; explicitFileType = wrapper.cfbundle; includeInIndex = 0; path = "NFT MarketplaceUITests.xctest"; sourceTree = BUILT_PRODUCTS_DIR; };
		3DEE59E72A97E2D600F84C21 /* NFT_MarketplaceUITests.swift */ = {isa = PBXFileReference; lastKnownFileType = sourcecode.swift; path = NFT_MarketplaceUITests.swift; sourceTree = "<group>"; };
		3F478ECE29DB474E00F6D39E /* Colors.swift */ = {isa = PBXFileReference; lastKnownFileType = sourcecode.swift; path = Colors.swift; sourceTree = "<group>"; };
		3F478ED029DB476500F6D39E /* Fonts.swift */ = {isa = PBXFileReference; lastKnownFileType = sourcecode.swift; path = Fonts.swift; sourceTree = "<group>"; };
		3F68069329CBBAF100B4F915 /* NFT Marketplace.app */ = {isa = PBXFileReference; explicitFileType = wrapper.application; includeInIndex = 0; path = "NFT Marketplace.app"; sourceTree = BUILT_PRODUCTS_DIR; };
		3F68069629CBBAF100B4F915 /* AppDelegate.swift */ = {isa = PBXFileReference; lastKnownFileType = sourcecode.swift; path = AppDelegate.swift; sourceTree = "<group>"; };
		3F68069829CBBAF100B4F915 /* SceneDelegate.swift */ = {isa = PBXFileReference; lastKnownFileType = sourcecode.swift; path = SceneDelegate.swift; sourceTree = "<group>"; };
		3F68069A29CBBAF100B4F915 /* ProductDetailsTableViewController.swift */ = {isa = PBXFileReference; lastKnownFileType = sourcecode.swift; path = ProductDetailsTableViewController.swift; sourceTree = "<group>"; };
		3F68069F29CBBAF200B4F915 /* Assets.xcassets */ = {isa = PBXFileReference; lastKnownFileType = folder.assetcatalog; path = Assets.xcassets; sourceTree = "<group>"; };
		3F6806A229CBBAF200B4F915 /* Base */ = {isa = PBXFileReference; lastKnownFileType = file.storyboard; name = Base; path = Base.lproj/LaunchScreen.storyboard; sourceTree = "<group>"; };
		3F6806A429CBBAF200B4F915 /* Info.plist */ = {isa = PBXFileReference; lastKnownFileType = text.plist.xml; path = Info.plist; sourceTree = "<group>"; };
		3F6806D029CBBE6B00B4F915 /* NetworkClient.swift */ = {isa = PBXFileReference; lastKnownFileType = sourcecode.swift; path = NetworkClient.swift; sourceTree = "<group>"; };
		3F6806D229CBBE9600B4F915 /* NetworkRequest.swift */ = {isa = PBXFileReference; lastKnownFileType = sourcecode.swift; path = NetworkRequest.swift; sourceTree = "<group>"; };
		3F6806D429CBBEC700B4F915 /* NetworkTask.swift */ = {isa = PBXFileReference; lastKnownFileType = sourcecode.swift; path = NetworkTask.swift; sourceTree = "<group>"; };
		3F6806D629CBC50A00B4F915 /* CellsReusingUtils.swift */ = {isa = PBXFileReference; lastKnownFileType = sourcecode.swift; path = CellsReusingUtils.swift; sourceTree = "<group>"; };
		3FC8C38A29D242E90081F015 /* ProductDetailsTableViewCell.swift */ = {isa = PBXFileReference; lastKnownFileType = sourcecode.swift; path = ProductDetailsTableViewCell.swift; sourceTree = "<group>"; };
		3FC8C39029D2453B0081F015 /* ExampleRequest.swift */ = {isa = PBXFileReference; lastKnownFileType = sourcecode.swift; path = ExampleRequest.swift; sourceTree = "<group>"; };
		3FC8C39229D246BA0081F015 /* DateFormatters+Presets.swift */ = {isa = PBXFileReference; lastKnownFileType = sourcecode.swift; path = "DateFormatters+Presets.swift"; sourceTree = "<group>"; };
		6431B6732AAC8B6D00B0DAAF /* UsersCollectionViewController.swift */ = {isa = PBXFileReference; lastKnownFileType = sourcecode.swift; path = UsersCollectionViewController.swift; sourceTree = "<group>"; };
		6431B6752AAC8B9400B0DAAF /* UsersCollectionPresenter.swift */ = {isa = PBXFileReference; lastKnownFileType = sourcecode.swift; path = UsersCollectionPresenter.swift; sourceTree = "<group>"; };
		6431B6772AAC8BA000B0DAAF /* UsersCollectionService.swift */ = {isa = PBXFileReference; lastKnownFileType = sourcecode.swift; path = UsersCollectionService.swift; sourceTree = "<group>"; };
		6431B67B2AB1E71F00B0DAAF /* Profile.swift */ = {isa = PBXFileReference; lastKnownFileType = sourcecode.swift; path = Profile.swift; sourceTree = "<group>"; };
		6431B6812AB281BC00B0DAAF /* UserWebsiteWebView.swift */ = {isa = PBXFileReference; lastKnownFileType = sourcecode.swift; path = UserWebsiteWebView.swift; sourceTree = "<group>"; };
		645E62E52AA1338500AD871D /* UserCardViewController.swift */ = {isa = PBXFileReference; lastKnownFileType = sourcecode.swift; path = UserCardViewController.swift; sourceTree = "<group>"; };
		645E62E72AA1340600AD871D /* UserCardPresenter.swift */ = {isa = PBXFileReference; lastKnownFileType = sourcecode.swift; path = UserCardPresenter.swift; sourceTree = "<group>"; };
		645E62E92AA1342B00AD871D /* UserCardService.swift */ = {isa = PBXFileReference; lastKnownFileType = sourcecode.swift; path = UserCardService.swift; sourceTree = "<group>"; };
		6487E5F32AB2EAE3006E90B9 /* CartControllerStub.swift */ = {isa = PBXFileReference; fileEncoding = 4; lastKnownFileType = sourcecode.swift; path = CartControllerStub.swift; sourceTree = "<group>"; };
		6487E5F52AB2F3D3006E90B9 /* UserViewModel.swift */ = {isa = PBXFileReference; lastKnownFileType = sourcecode.swift; path = UserViewModel.swift; sourceTree = "<group>"; };
		64AAD07E2AA67E74003E9211 /* UIBlockingProgressHUD.swift */ = {isa = PBXFileReference; lastKnownFileType = sourcecode.swift; path = UIBlockingProgressHUD.swift; sourceTree = "<group>"; };
		64BA8B852A9BF65F007BE1F3 /* StatisticsViewController.swift */ = {isa = PBXFileReference; lastKnownFileType = sourcecode.swift; path = StatisticsViewController.swift; sourceTree = "<group>"; };
		64E1852E2A9BF95D004ACD0A /* StatisticsCell.swift */ = {isa = PBXFileReference; lastKnownFileType = sourcecode.swift; path = StatisticsCell.swift; sourceTree = "<group>"; };
		64E185402A9D3880004ACD0A /* StatisticsPresenter.swift */ = {isa = PBXFileReference; lastKnownFileType = sourcecode.swift; path = StatisticsPresenter.swift; sourceTree = "<group>"; };
		64E185422A9D44F7004ACD0A /* UserDataService.swift */ = {isa = PBXFileReference; lastKnownFileType = sourcecode.swift; path = UserDataService.swift; sourceTree = "<group>"; };
		64E185442A9E1BB0004ACD0A /* Users.swift */ = {isa = PBXFileReference; lastKnownFileType = sourcecode.swift; path = Users.swift; sourceTree = "<group>"; };
		920BE3762A98A43A009B2F43 /* UIColor + Extension.swift */ = {isa = PBXFileReference; fileEncoding = 4; lastKnownFileType = sourcecode.swift; path = "UIColor + Extension.swift"; sourceTree = "<group>"; };
		924849B92AB9F60400433452 /* en */ = {isa = PBXFileReference; lastKnownFileType = text.plist.strings; name = en; path = en.lproj/Localizable.strings; sourceTree = "<group>"; };
		924849BC2AB9F61700433452 /* ru */ = {isa = PBXFileReference; lastKnownFileType = text.plist.strings; name = ru; path = ru.lproj/Localizable.strings; sourceTree = "<group>"; };
		924849BD2AB9F64000433452 /* de */ = {isa = PBXFileReference; lastKnownFileType = text.plist.strings; name = de; path = de.lproj/Localizable.strings; sourceTree = "<group>"; };
		924849C22ABAEAB600433452 /* AnalyticsService.swift */ = {isa = PBXFileReference; lastKnownFileType = sourcecode.swift; path = AnalyticsService.swift; sourceTree = "<group>"; };
		924849C92ABAEC3D00433452 /* AppMetrics.swift */ = {isa = PBXFileReference; lastKnownFileType = sourcecode.swift; path = AppMetrics.swift; sourceTree = "<group>"; };
		924849CB2ABAEC7000433452 /* AppMetricsParametrs.swift */ = {isa = PBXFileReference; lastKnownFileType = sourcecode.swift; path = AppMetricsParametrs.swift; sourceTree = "<group>"; };
		927DBB332AA0D9DC00A04FDF /* AppConfiguration.swift */ = {isa = PBXFileReference; fileEncoding = 4; lastKnownFileType = sourcecode.swift; path = AppConfiguration.swift; sourceTree = "<group>"; };
		927DBB352AA0D9E700A04FDF /* TabBarController.swift */ = {isa = PBXFileReference; fileEncoding = 4; lastKnownFileType = sourcecode.swift; path = TabBarController.swift; sourceTree = "<group>"; };
		928F6B472AA0C373003023DD /* ProfileButton.swift */ = {isa = PBXFileReference; fileEncoding = 4; lastKnownFileType = sourcecode.swift; path = ProfileButton.swift; sourceTree = "<group>"; };
		928F6B4E2AA0C3E0003023DD /* UserProfile.swift */ = {isa = PBXFileReference; fileEncoding = 4; lastKnownFileType = sourcecode.swift; path = UserProfile.swift; sourceTree = "<group>"; };
		928F6B532AA0C42D003023DD /* ProfileViewController.swift */ = {isa = PBXFileReference; fileEncoding = 4; lastKnownFileType = sourcecode.swift; path = ProfileViewController.swift; sourceTree = "<group>"; };
		928F6B542AA0C42D003023DD /* ProfileService.swift */ = {isa = PBXFileReference; fileEncoding = 4; lastKnownFileType = sourcecode.swift; path = ProfileService.swift; sourceTree = "<group>"; };
		928F6B552AA0C42D003023DD /* ProfilePresenter.swift */ = {isa = PBXFileReference; fileEncoding = 4; lastKnownFileType = sourcecode.swift; path = ProfilePresenter.swift; sourceTree = "<group>"; };
		928F6B5A2AA0C445003023DD /* UserProfileStackView.swift */ = {isa = PBXFileReference; fileEncoding = 4; lastKnownFileType = sourcecode.swift; path = UserProfileStackView.swift; sourceTree = "<group>"; };
		928F6B5B2AA0C445003023DD /* ProfileButtonsStackView.swift */ = {isa = PBXFileReference; fileEncoding = 4; lastKnownFileType = sourcecode.swift; path = ProfileButtonsStackView.swift; sourceTree = "<group>"; };
		92D0F14A2AA11793007D0EE9 /* ProfileEditStackView.swift */ = {isa = PBXFileReference; lastKnownFileType = sourcecode.swift; path = ProfileEditStackView.swift; sourceTree = "<group>"; };
		92D0F14C2AA1180E007D0EE9 /* ProfileEditViewController.swift */ = {isa = PBXFileReference; lastKnownFileType = sourcecode.swift; path = ProfileEditViewController.swift; sourceTree = "<group>"; };
		92D0F14E2AA26E5E007D0EE9 /* ProfileEditUserPicture.swift */ = {isa = PBXFileReference; lastKnownFileType = sourcecode.swift; path = ProfileEditUserPicture.swift; sourceTree = "<group>"; };
		92D0F1512AA3628A007D0EE9 /* ProfileEditPresenter.swift */ = {isa = PBXFileReference; lastKnownFileType = sourcecode.swift; path = ProfileEditPresenter.swift; sourceTree = "<group>"; };
		92D0F1532AA3910C007D0EE9 /* UploadProfileModel.swift */ = {isa = PBXFileReference; lastKnownFileType = sourcecode.swift; path = UploadProfileModel.swift; sourceTree = "<group>"; };
		92D0F1642AA78DAC007D0EE9 /* MyNFTsViewController.swift */ = {isa = PBXFileReference; lastKnownFileType = sourcecode.swift; path = MyNFTsViewController.swift; sourceTree = "<group>"; };
		92D0F1662AA78DED007D0EE9 /* MyNFTsPresenter.swift */ = {isa = PBXFileReference; lastKnownFileType = sourcecode.swift; path = MyNFTsPresenter.swift; sourceTree = "<group>"; };
		92D0F16A2AA860A6007D0EE9 /* FavoritesNFTViewController.swift */ = {isa = PBXFileReference; lastKnownFileType = sourcecode.swift; path = FavoritesNFTViewController.swift; sourceTree = "<group>"; };
		92D0F16C2AA88105007D0EE9 /* FavoritesNFTPresenter.swift */ = {isa = PBXFileReference; lastKnownFileType = sourcecode.swift; path = FavoritesNFTPresenter.swift; sourceTree = "<group>"; };
		92D0F16F2AA8851D007D0EE9 /* AboutDeveloperViewController.swift */ = {isa = PBXFileReference; lastKnownFileType = sourcecode.swift; path = AboutDeveloperViewController.swift; sourceTree = "<group>"; };
		92D0F1712AA9F91B007D0EE9 /* NFTTableViewCell.swift */ = {isa = PBXFileReference; lastKnownFileType = sourcecode.swift; path = NFTTableViewCell.swift; sourceTree = "<group>"; };
		92D0F1732AAA340B007D0EE9 /* NFTModel.swift */ = {isa = PBXFileReference; lastKnownFileType = sourcecode.swift; path = NFTModel.swift; sourceTree = "<group>"; };
		92D0F1752AADD99E007D0EE9 /* FavoritesNFTCVCell.swift */ = {isa = PBXFileReference; lastKnownFileType = sourcecode.swift; path = FavoritesNFTCVCell.swift; sourceTree = "<group>"; };
		92D0F17B2AB5A00C007D0EE9 /* DeveloperCustomView.swift */ = {isa = PBXFileReference; lastKnownFileType = sourcecode.swift; path = DeveloperCustomView.swift; sourceTree = "<group>"; };
		92D0F17D2AB65CD3007D0EE9 /* DevelopersData.swift */ = {isa = PBXFileReference; lastKnownFileType = sourcecode.swift; path = DevelopersData.swift; sourceTree = "<group>"; };
		EC1DC7622A9CD55100C3C798 /* CatalogPresenter.swift */ = {isa = PBXFileReference; fileEncoding = 4; lastKnownFileType = sourcecode.swift; path = CatalogPresenter.swift; sourceTree = "<group>"; };
		EC1DC7632A9CD55100C3C798 /* CatalogTableViewCell.swift */ = {isa = PBXFileReference; fileEncoding = 4; lastKnownFileType = sourcecode.swift; path = CatalogTableViewCell.swift; sourceTree = "<group>"; };
		EC1DC7642A9CD55100C3C798 /* CatalogViewController.swift */ = {isa = PBXFileReference; fileEncoding = 4; lastKnownFileType = sourcecode.swift; path = CatalogViewController.swift; sourceTree = "<group>"; };
		EC204CA12A9E11B900FB58E9 /* NFTTableViewRequest.swift */ = {isa = PBXFileReference; lastKnownFileType = sourcecode.swift; path = NFTTableViewRequest.swift; sourceTree = "<group>"; };
		EC204CA32A9E1A6900FB58E9 /* UserByIdRequest.swift */ = {isa = PBXFileReference; lastKnownFileType = sourcecode.swift; path = UserByIdRequest.swift; sourceTree = "<group>"; };
		EC204CA52A9E1BD600FB58E9 /* NFTCollection.swift */ = {isa = PBXFileReference; lastKnownFileType = sourcecode.swift; path = NFTCollection.swift; sourceTree = "<group>"; };
		EC204CA82A9E445600FB58E9 /* CatalogDataProvider.swift */ = {isa = PBXFileReference; lastKnownFileType = sourcecode.swift; path = CatalogDataProvider.swift; sourceTree = "<group>"; };
		EC204CAA2A9F21B900FB58E9 /* NFTCollectionsSortAttributes.swift */ = {isa = PBXFileReference; lastKnownFileType = sourcecode.swift; path = NFTCollectionsSortAttributes.swift; sourceTree = "<group>"; };
		EC204CAC2A9F88F000FB58E9 /* String + Extension.swift */ = {isa = PBXFileReference; lastKnownFileType = sourcecode.swift; path = "String + Extension.swift"; sourceTree = "<group>"; };
		EC204CAF2AA20A1F00FB58E9 /* CatalogСollectionViewController.swift */ = {isa = PBXFileReference; lastKnownFileType = sourcecode.swift; path = "CatalogСollectionViewController.swift"; sourceTree = "<group>"; };
		EC204CB12AA3167E00FB58E9 /* NFTCollectionCell.swift */ = {isa = PBXFileReference; lastKnownFileType = sourcecode.swift; path = NFTCollectionCell.swift; sourceTree = "<group>"; };
		EC4B91DC2AAB54590077A4F4 /* CatalogCollectionViewData.swift */ = {isa = PBXFileReference; lastKnownFileType = sourcecode.swift; path = CatalogCollectionViewData.swift; sourceTree = "<group>"; };
		EC4B91E02AAC69B30077A4F4 /* UserNetworkModel.swift */ = {isa = PBXFileReference; lastKnownFileType = sourcecode.swift; path = UserNetworkModel.swift; sourceTree = "<group>"; };
		EC4B91E22AADCDE80077A4F4 /* CollectionDataProvider.swift */ = {isa = PBXFileReference; lastKnownFileType = sourcecode.swift; path = CollectionDataProvider.swift; sourceTree = "<group>"; };
		EC4B91E42AADE8000077A4F4 /* UserModel.swift */ = {isa = PBXFileReference; lastKnownFileType = sourcecode.swift; path = UserModel.swift; sourceTree = "<group>"; };
		EC4B91E62AAE1FB20077A4F4 /* NFTGetRequest.swift */ = {isa = PBXFileReference; lastKnownFileType = sourcecode.swift; path = NFTGetRequest.swift; sourceTree = "<group>"; };
		EC8021A12AB1D0A60030D0A0 /* ProfileModel.swift */ = {isa = PBXFileReference; lastKnownFileType = sourcecode.swift; path = ProfileModel.swift; sourceTree = "<group>"; };
		EC8021A32AB1D1280030D0A0 /* ProfileUpdateRequest.swift */ = {isa = PBXFileReference; lastKnownFileType = sourcecode.swift; path = ProfileUpdateRequest.swift; sourceTree = "<group>"; };
		EC8021A52AB324460030D0A0 /* ProfileGetRequest.swift */ = {isa = PBXFileReference; lastKnownFileType = sourcecode.swift; path = ProfileGetRequest.swift; sourceTree = "<group>"; };
		EC8A946A2AAA1BAC00EBF303 /* CatalogСollectionPresenter.swift */ = {isa = PBXFileReference; lastKnownFileType = sourcecode.swift; path = "CatalogСollectionPresenter.swift"; sourceTree = "<group>"; };
/* End PBXFileReference section */

/* Begin PBXFrameworksBuildPhase section */
		3DEE59D12A97E00F00F84C21 /* Frameworks */ = {
			isa = PBXFrameworksBuildPhase;
			buildActionMask = 2147483647;
			files = (
			);
			runOnlyForDeploymentPostprocessing = 0;
		};
		3DEE59E22A97E2D500F84C21 /* Frameworks */ = {
			isa = PBXFrameworksBuildPhase;
			buildActionMask = 2147483647;
			files = (
			);
			runOnlyForDeploymentPostprocessing = 0;
		};
		3F68069029CBBAF100B4F915 /* Frameworks */ = {
			isa = PBXFrameworksBuildPhase;
			buildActionMask = 2147483647;
			files = (
				924849C62ABAEBDA00433452 /* YandexMobileMetrica in Frameworks */,
				924849C82ABAEBDA00433452 /* YandexMobileMetricaCrashes in Frameworks */,
				3F603CD029DB4A74000C43D7 /* Kingfisher in Frameworks */,
				3F603CCD29DB4A53000C43D7 /* ProgressHUD in Frameworks */,
			);
			runOnlyForDeploymentPostprocessing = 0;
		};
/* End PBXFrameworksBuildPhase section */

/* Begin PBXGroup section */
		3D81A69C2AA5A1DF008ECF46 /* PaymentConfirmation */ = {
			isa = PBXGroup;
			children = (
				3D81A69D2AA5A202008ECF46 /* PaymentConfirmationViewController.swift */,
				3D81A69F2AA5AEB5008ECF46 /* PaymentConfirmationPresenter.swift */,
			);
			path = PaymentConfirmation;
			sourceTree = "<group>";
		};
		3DCFE4782AA257C700E3A222 /* Payment */ = {
			isa = PBXGroup;
			children = (
				3DCFE47B2AA25BC200E3A222 /* PaymentViewController.swift */,
				3DCFE47F2AA32BCD00E3A222 /* PaymentPresenter.swift */,
				3DCFE4792AA257F400E3A222 /* CurrencyCell.swift */,
				3DCFE4852AA33D7900E3A222 /* CurrencyCellModel.swift */,
				3DCFE4812AA32DBC00E3A222 /* NetworkManager.swift */,
				3D81A6A52AA5C04A008ECF46 /* PaymentManager.swift */,
			);
			path = Payment;
			sourceTree = "<group>";
		};
		3DCFE4892AA34A9700E3A222 /* Helpers */ = {
			isa = PBXGroup;
			children = (
				3DCFE48A2AA34AA700E3A222 /* NetworkManagerStub.swift */,
				3DCFE48C2AA34B0100E3A222 /* CurrencyMock.swift */,
				3DCFE48E2AA34C3A00E3A222 /* PaymentViewControllerSpy.swift */,
				3D81A6AB2AA5CBC0008ECF46 /* PaymentManagerStub.swift */,
			);
			path = Helpers;
			sourceTree = "<group>";
		};
		3DEBDFC72A97CDB9001C7517 /* AppConfiguration */ = {
			isa = PBXGroup;
			children = (
				927DBB332AA0D9DC00A04FDF /* AppConfiguration.swift */,
			);
			path = AppConfiguration;
			sourceTree = "<group>";
		};
		3DEBDFC82A97CDC1001C7517 /* TabBarController */ = {
			isa = PBXGroup;
			children = (
				927DBB352AA0D9E700A04FDF /* TabBarController.swift */,
			);
			path = TabBarController;
			sourceTree = "<group>";
		};
		3DEBDFD12A97CE94001C7517 /* Cart */ = {
			isa = PBXGroup;
			children = (
				3DEBDFCF2A97CE8E001C7517 /* CartViewController.swift */,
				3D54FB5D2A9FF03500859D28 /* CartPresenter.swift */,
				3D4476042A98B65500683647 /* CartNFTCell.swift */,
				3D76F77B2A9901F900C6FC84 /* CartCellModel.swift */,
				3D1CE1B12AA0607D002B31C4 /* DeleteNFTView.swift */,
				3D3F6A9B2AB19E7700451D13 /* AlertModel.swift */,
				3D3F6A9D2AB3878600451D13 /* SavingManager.swift */,
				6487E5F32AB2EAE3006E90B9 /* CartControllerStub.swift */,
			);
			path = Cart;
			sourceTree = "<group>";
		};
		3DEBDFD22A97D14E001C7517 /* ReusableViews */ = {
			isa = PBXGroup;
			children = (
				928F6B472AA0C373003023DD /* ProfileButton.swift */,
				3DEBDFD32A97D17B001C7517 /* StarRatingView.swift */,
				3DEBDFD52A97D1A9001C7517 /* CustomButton.swift */,
			);
			path = ReusableViews;
			sourceTree = "<group>";
		};
		3DEBDFD82A97D43C001C7517 /* SharedControllers */ = {
			isa = PBXGroup;
			children = (
				3DEBDFD92A97D45B001C7517 /* CartService.swift */,
				3DEBDFDB2A97D474001C7517 /* CartControllerProtocol.swift */,
				3DEBDFDD2A97D48E001C7517 /* FavouriteNFTController.swift */,
				3DEBDFDF2A97D4A5001C7517 /* FavouriteNFTControllerProtocol.swift */,
			);
			path = SharedControllers;
			sourceTree = "<group>";
		};
		3DEE59D52A97E00F00F84C21 /* NFT MarketplaceTests */ = {
			isa = PBXGroup;
			children = (
				3DEE59DD2A97E06200F84C21 /* CartControllerTests.swift */,
				3DEE59DF2A97E22600F84C21 /* FavouriteNFTControllerTests.swift */,
				3DCFE4872AA34A4400E3A222 /* PaymentPresenterTests.swift */,
				3DCFE4892AA34A9700E3A222 /* Helpers */,
			);
			path = "NFT MarketplaceTests";
			sourceTree = "<group>";
		};
		3DEE59E62A97E2D600F84C21 /* NFT MarketplaceUITests */ = {
			isa = PBXGroup;
			children = (
				3DEE59E72A97E2D600F84C21 /* NFT_MarketplaceUITests.swift */,
			);
			path = "NFT MarketplaceUITests";
			sourceTree = "<group>";
		};
		3F478ECD29DB473000F6D39E /* DesignSystem */ = {
			isa = PBXGroup;
			children = (
				3F478ECE29DB474E00F6D39E /* Colors.swift */,
				3F478ED029DB476500F6D39E /* Fonts.swift */,
			);
			path = DesignSystem;
			sourceTree = "<group>";
		};
		3F68068A29CBBAF100B4F915 = {
			isa = PBXGroup;
			children = (
				3F68069529CBBAF100B4F915 /* NFT Marketplace */,
				3DEE59D52A97E00F00F84C21 /* NFT MarketplaceTests */,
				3DEE59E62A97E2D600F84C21 /* NFT MarketplaceUITests */,
				3F68069429CBBAF100B4F915 /* Products */,
				924849AD2AB9E6EF00433452 /* Recovered References */,
			);
			sourceTree = "<group>";
		};
		3F68069429CBBAF100B4F915 /* Products */ = {
			isa = PBXGroup;
			children = (
				3F68069329CBBAF100B4F915 /* NFT Marketplace.app */,
				3DEE59D42A97E00F00F84C21 /* NFT MarketplaceTests.xctest */,
				3DEE59E52A97E2D500F84C21 /* NFT MarketplaceUITests.xctest */,
			);
			name = Products;
			sourceTree = "<group>";
		};
		3F68069529CBBAF100B4F915 /* NFT Marketplace */ = {
			isa = PBXGroup;
			children = (
				3F68069629CBBAF100B4F915 /* AppDelegate.swift */,
				3F68069829CBBAF100B4F915 /* SceneDelegate.swift */,
				3DEBDFC72A97CDB9001C7517 /* AppConfiguration */,
				3DEBDFC82A97CDC1001C7517 /* TabBarController */,
				3F478ECD29DB473000F6D39E /* DesignSystem */,
				3F6806CE29CBBD1B00B4F915 /* Foundation */,
				3F6806C929CBBCAF00B4F915 /* Models */,
				3F6806C729CBBC5B00B4F915 /* Scenes  */,
				3DEBDFD22A97D14E001C7517 /* ReusableViews */,
				3F6806C629CBBC4E00B4F915 /* Services */,
				3F68069F29CBBAF200B4F915 /* Assets.xcassets */,
				3F6806A129CBBAF200B4F915 /* LaunchScreen.storyboard */,
				3F6806A429CBBAF200B4F915 /* Info.plist */,
			);
			path = "NFT Marketplace";
			sourceTree = "<group>";
		};
		3F6806C629CBBC4E00B4F915 /* Services */ = {
			isa = PBXGroup;
			children = (
				924849C12ABAEA4E00433452 /* AnalyticsService */,
				924849B52AB9F5D900433452 /* Localization */,
				920BE3752A98A407009B2F43 /* Helpers */,
				3DEBDFD82A97D43C001C7517 /* SharedControllers */,
				3FC8C38F29D245250081F015 /* Requests */,
				3DEBDFCD2A97CE4F001C7517 /* Strings.swift */,
			);
			path = Services;
			sourceTree = "<group>";
		};
		3F6806C729CBBC5B00B4F915 /* Scenes  */ = {
			isa = PBXGroup;
			children = (
				928F6B522AA0C419003023DD /* Profile */,
				64BA8B842A9BF59D007BE1F3 /* Statistics */,
				EC1DC7602A9CD55100C3C798 /* Catalog */,
				3D81A69C2AA5A1DF008ECF46 /* PaymentConfirmation */,
				3DCFE4782AA257C700E3A222 /* Payment */,
				3DEBDFD12A97CE94001C7517 /* Cart */,
				3F6806C829CBBC8100B4F915 /* ProductDetails */,
			);
			path = "Scenes ";
			sourceTree = "<group>";
		};
		3F6806C829CBBC8100B4F915 /* ProductDetails */ = {
			isa = PBXGroup;
			children = (
				3F68069A29CBBAF100B4F915 /* ProductDetailsTableViewController.swift */,
				3FC8C38A29D242E90081F015 /* ProductDetailsTableViewCell.swift */,
			);
			path = ProductDetails;
			sourceTree = "<group>";
		};
		3F6806C929CBBCAF00B4F915 /* Models */ = {
			isa = PBXGroup;
			children = (
				928F6B4D2AA0C3BD003023DD /* Profile */,
				3F6806D829CC979D00B4F915 /* Network */,
			);
			path = Models;
			sourceTree = "<group>";
		};
		3F6806CE29CBBD1B00B4F915 /* Foundation */ = {
			isa = PBXGroup;
			children = (
				3F6806CF29CBBDB100B4F915 /* NetworkClient */,
				3F6806D629CBC50A00B4F915 /* CellsReusingUtils.swift */,
				3FC8C39229D246BA0081F015 /* DateFormatters+Presets.swift */,
			);
			path = Foundation;
			sourceTree = "<group>";
		};
		3F6806CF29CBBDB100B4F915 /* NetworkClient */ = {
			isa = PBXGroup;
			children = (
				3F6806D029CBBE6B00B4F915 /* NetworkClient.swift */,
				3F6806D229CBBE9600B4F915 /* NetworkRequest.swift */,
				3F6806D429CBBEC700B4F915 /* NetworkTask.swift */,
			);
			path = NetworkClient;
			sourceTree = "<group>";
		};
		3F6806D829CC979D00B4F915 /* Network */ = {
			isa = PBXGroup;
			children = (
				3DEBDFE12A97D4C9001C7517 /* NFT.swift */,
				64E185442A9E1BB0004ACD0A /* Users.swift */,
				6431B67B2AB1E71F00B0DAAF /* Profile.swift */,
				6487E5F52AB2F3D3006E90B9 /* UserViewModel.swift */,
				3DCFE47D2AA25F1600E3A222 /* Currency.swift */,
				3D81A6A32AA5B937008ECF46 /* OrderPaymentResponse.swift */,
				3D81A6A92AA5C2C5008ECF46 /* OrderResponse.swift */,
			);
			path = Network;
			sourceTree = "<group>";
		};
		3FC8C38F29D245250081F015 /* Requests */ = {
			isa = PBXGroup;
			children = (
				3FC8C39029D2453B0081F015 /* ExampleRequest.swift */,
				3DCFE4832AA331B300E3A222 /* PaymentRequests.swift */,
			);
			path = Requests;
			sourceTree = "<group>";
		};
		6431B6722AAC8AC700B0DAAF /* UsersCollectionScreen */ = {
			isa = PBXGroup;
			children = (
				6431B6732AAC8B6D00B0DAAF /* UsersCollectionViewController.swift */,
				6431B6752AAC8B9400B0DAAF /* UsersCollectionPresenter.swift */,
				6431B6772AAC8BA000B0DAAF /* UsersCollectionService.swift */,
			);
			path = UsersCollectionScreen;
			sourceTree = "<group>";
		};
		645E62E32AA1324200AD871D /* StatisticsScreen */ = {
			isa = PBXGroup;
			children = (
				64BA8B852A9BF65F007BE1F3 /* StatisticsViewController.swift */,
				64E1852E2A9BF95D004ACD0A /* StatisticsCell.swift */,
				64E185402A9D3880004ACD0A /* StatisticsPresenter.swift */,
				64E185422A9D44F7004ACD0A /* UserDataService.swift */,
				64AAD07E2AA67E74003E9211 /* UIBlockingProgressHUD.swift */,
			);
			path = StatisticsScreen;
			sourceTree = "<group>";
		};
		645E62E42AA1333800AD871D /* UserCardScreen */ = {
			isa = PBXGroup;
			children = (
				645E62E52AA1338500AD871D /* UserCardViewController.swift */,
				645E62E72AA1340600AD871D /* UserCardPresenter.swift */,
				645E62E92AA1342B00AD871D /* UserCardService.swift */,
				6431B6812AB281BC00B0DAAF /* UserWebsiteWebView.swift */,
			);
			path = UserCardScreen;
			sourceTree = "<group>";
		};
		64BA8B842A9BF59D007BE1F3 /* Statistics */ = {
			isa = PBXGroup;
			children = (
				645E62E32AA1324200AD871D /* StatisticsScreen */,
				645E62E42AA1333800AD871D /* UserCardScreen */,
				6431B6722AAC8AC700B0DAAF /* UsersCollectionScreen */,
			);
			path = Statistics;
			sourceTree = "<group>";
		};
		920BE3752A98A407009B2F43 /* Helpers */ = {
			isa = PBXGroup;
			children = (
				920BE3762A98A43A009B2F43 /* UIColor + Extension.swift */,
				EC204CAC2A9F88F000FB58E9 /* String + Extension.swift */,
				3D4476062A98B91600683647 /* UIImage+Extension.swift */,
			);
			path = Helpers;
			sourceTree = "<group>";
		};
		924849AD2AB9E6EF00433452 /* Recovered References */ = {
			isa = PBXGroup;
			children = (
				3DEBDFC92A97CDE2001C7517 /* AppConfiguration.swift */,
				3DEBDFCB2A97CE1D001C7517 /* TabBarController.swift */,
			);
			name = "Recovered References";
			sourceTree = "<group>";
		};
		924849B52AB9F5D900433452 /* Localization */ = {
			isa = PBXGroup;
			children = (
				924849BA2AB9F60400433452 /* Localizable.strings */,
			);
			path = Localization;
			sourceTree = "<group>";
		};
		924849C12ABAEA4E00433452 /* AnalyticsService */ = {
			isa = PBXGroup;
			children = (
				924849C22ABAEAB600433452 /* AnalyticsService.swift */,
				924849C92ABAEC3D00433452 /* AppMetrics.swift */,
				924849CB2ABAEC7000433452 /* AppMetricsParametrs.swift */,
			);
			path = AnalyticsService;
			sourceTree = "<group>";
		};
		928F6B4D2AA0C3BD003023DD /* Profile */ = {
			isa = PBXGroup;
			children = (
				928F6B4E2AA0C3E0003023DD /* UserProfile.swift */,
				92D0F1532AA3910C007D0EE9 /* UploadProfileModel.swift */,
				92D0F1732AAA340B007D0EE9 /* NFTModel.swift */,
			);
			path = Profile;
			sourceTree = "<group>";
		};
		928F6B522AA0C419003023DD /* Profile */ = {
			isa = PBXGroup;
			children = (
				928F6B592AA0C435003023DD /* ProfileCustomViews */,
				928F6B532AA0C42D003023DD /* ProfileViewController.swift */,
				928F6B552AA0C42D003023DD /* ProfilePresenter.swift */,
				928F6B542AA0C42D003023DD /* ProfileService.swift */,
				92D0F1492AA11758007D0EE9 /* ProfileEditScene */,
				92D0F1632AA78D2D007D0EE9 /* MyNFTsScene */,
				92D0F1682AA85DA8007D0EE9 /* FavoritesNFTScene */,
				92D0F16E2AA88435007D0EE9 /* AboutDeveloperScene */,
			);
			path = Profile;
			sourceTree = "<group>";
		};
		928F6B592AA0C435003023DD /* ProfileCustomViews */ = {
			isa = PBXGroup;
			children = (
				928F6B5B2AA0C445003023DD /* ProfileButtonsStackView.swift */,
				928F6B5A2AA0C445003023DD /* UserProfileStackView.swift */,
			);
			path = ProfileCustomViews;
			sourceTree = "<group>";
		};
		92D0F1492AA11758007D0EE9 /* ProfileEditScene */ = {
			isa = PBXGroup;
			children = (
				92D0F1502AA35C20007D0EE9 /* ProfileEditCustomViews */,
				92D0F14C2AA1180E007D0EE9 /* ProfileEditViewController.swift */,
				92D0F1512AA3628A007D0EE9 /* ProfileEditPresenter.swift */,
			);
			path = ProfileEditScene;
			sourceTree = "<group>";
		};
		92D0F1502AA35C20007D0EE9 /* ProfileEditCustomViews */ = {
			isa = PBXGroup;
			children = (
				92D0F14A2AA11793007D0EE9 /* ProfileEditStackView.swift */,
				92D0F14E2AA26E5E007D0EE9 /* ProfileEditUserPicture.swift */,
			);
			path = ProfileEditCustomViews;
			sourceTree = "<group>";
		};
		92D0F1632AA78D2D007D0EE9 /* MyNFTsScene */ = {
			isa = PBXGroup;
			children = (
				92D0F1642AA78DAC007D0EE9 /* MyNFTsViewController.swift */,
				92D0F1662AA78DED007D0EE9 /* MyNFTsPresenter.swift */,
				92D0F1712AA9F91B007D0EE9 /* NFTTableViewCell.swift */,
			);
			path = MyNFTsScene;
			sourceTree = "<group>";
		};
		92D0F1682AA85DA8007D0EE9 /* FavoritesNFTScene */ = {
			isa = PBXGroup;
			children = (
				92D0F16A2AA860A6007D0EE9 /* FavoritesNFTViewController.swift */,
				92D0F16C2AA88105007D0EE9 /* FavoritesNFTPresenter.swift */,
				92D0F1752AADD99E007D0EE9 /* FavoritesNFTCVCell.swift */,
			);
			path = FavoritesNFTScene;
			sourceTree = "<group>";
		};
		92D0F16E2AA88435007D0EE9 /* AboutDeveloperScene */ = {
			isa = PBXGroup;
			children = (
				92D0F16F2AA8851D007D0EE9 /* AboutDeveloperViewController.swift */,
				92D0F17B2AB5A00C007D0EE9 /* DeveloperCustomView.swift */,
				92D0F17D2AB65CD3007D0EE9 /* DevelopersData.swift */,
			);
			path = AboutDeveloperScene;
			sourceTree = "<group>";
		};
		EC1DC7602A9CD55100C3C798 /* Catalog */ = {
			isa = PBXGroup;
			children = (
				EC1DC7612A9CD55100C3C798 /* CatalogScreen */,
				EC204CAE2AA209FA00FB58E9 /* CollectionScreen */,
				EC204CA02A9E09DE00FB58E9 /* Models */,
				EC204CA72A9E442800FB58E9 /* DataProvider */,
			);
			path = Catalog;
			sourceTree = "<group>";
		};
		EC1DC7612A9CD55100C3C798 /* CatalogScreen */ = {
			isa = PBXGroup;
			children = (
				EC1DC7642A9CD55100C3C798 /* CatalogViewController.swift */,
				EC1DC7622A9CD55100C3C798 /* CatalogPresenter.swift */,
				EC1DC7632A9CD55100C3C798 /* CatalogTableViewCell.swift */,
			);
			path = CatalogScreen;
			sourceTree = "<group>";
		};
		EC204CA02A9E09DE00FB58E9 /* Models */ = {
			isa = PBXGroup;
			children = (
				EC204CA52A9E1BD600FB58E9 /* NFTCollection.swift */,
				EC4B91E42AADE8000077A4F4 /* UserModel.swift */,
				EC4B91E02AAC69B30077A4F4 /* UserNetworkModel.swift */,
				EC8021A12AB1D0A60030D0A0 /* ProfileModel.swift */,
				EC4B91DC2AAB54590077A4F4 /* CatalogCollectionViewData.swift */,
				EC204CAA2A9F21B900FB58E9 /* NFTCollectionsSortAttributes.swift */,
			);
			path = Models;
			sourceTree = "<group>";
		};
		EC204CA72A9E442800FB58E9 /* DataProvider */ = {
			isa = PBXGroup;
			children = (
				EC204CA82A9E445600FB58E9 /* CatalogDataProvider.swift */,
				EC4B91E22AADCDE80077A4F4 /* CollectionDataProvider.swift */,
				EC204CA12A9E11B900FB58E9 /* NFTTableViewRequest.swift */,
				EC8021A32AB1D1280030D0A0 /* ProfileUpdateRequest.swift */,
				EC8021A52AB324460030D0A0 /* ProfileGetRequest.swift */,
				EC204CA32A9E1A6900FB58E9 /* UserByIdRequest.swift */,
				EC4B91E62AAE1FB20077A4F4 /* NFTGetRequest.swift */,
			);
			path = DataProvider;
			sourceTree = "<group>";
		};
		EC204CAE2AA209FA00FB58E9 /* CollectionScreen */ = {
			isa = PBXGroup;
			children = (
				EC204CAF2AA20A1F00FB58E9 /* CatalogСollectionViewController.swift */,
				EC8A946A2AAA1BAC00EBF303 /* CatalogСollectionPresenter.swift */,
				EC204CB12AA3167E00FB58E9 /* NFTCollectionCell.swift */,
			);
			name = CollectionScreen;
			path = CatalogScreen/CollectionScreen;
			sourceTree = "<group>";
		};
/* End PBXGroup section */

/* Begin PBXNativeTarget section */
		3DEE59D32A97E00F00F84C21 /* NFT MarketplaceTests */ = {
			isa = PBXNativeTarget;
			buildConfigurationList = 3DEE59DA2A97E00F00F84C21 /* Build configuration list for PBXNativeTarget "NFT MarketplaceTests" */;
			buildPhases = (
				3DEE59D02A97E00F00F84C21 /* Sources */,
				3DEE59D12A97E00F00F84C21 /* Frameworks */,
				3DEE59D22A97E00F00F84C21 /* Resources */,
			);
			buildRules = (
			);
			dependencies = (
				3DEE59D92A97E00F00F84C21 /* PBXTargetDependency */,
			);
			name = "NFT MarketplaceTests";
			productName = "NFT MarketplaceTests";
			productReference = 3DEE59D42A97E00F00F84C21 /* NFT MarketplaceTests.xctest */;
			productType = "com.apple.product-type.bundle.unit-test";
		};
		3DEE59E42A97E2D500F84C21 /* NFT MarketplaceUITests */ = {
			isa = PBXNativeTarget;
			buildConfigurationList = 3DEE59ED2A97E2D600F84C21 /* Build configuration list for PBXNativeTarget "NFT MarketplaceUITests" */;
			buildPhases = (
				3DEE59E12A97E2D500F84C21 /* Sources */,
				3DEE59E22A97E2D500F84C21 /* Frameworks */,
				3DEE59E32A97E2D500F84C21 /* Resources */,
			);
			buildRules = (
			);
			dependencies = (
				3DEE59EC2A97E2D600F84C21 /* PBXTargetDependency */,
			);
			name = "NFT MarketplaceUITests";
			productName = "NFT MarketplaceUITests";
			productReference = 3DEE59E52A97E2D500F84C21 /* NFT MarketplaceUITests.xctest */;
			productType = "com.apple.product-type.bundle.ui-testing";
		};
		3F68069229CBBAF100B4F915 /* NFT Marketplace */ = {
			isa = PBXNativeTarget;
			buildConfigurationList = 3F6806BD29CBBAF200B4F915 /* Build configuration list for PBXNativeTarget "NFT Marketplace" */;
			buildPhases = (
				3FC8C39529D24CDB0081F015 /* Swiftlint */,
				3F68068F29CBBAF100B4F915 /* Sources */,
				3F68069029CBBAF100B4F915 /* Frameworks */,
				3F68069129CBBAF100B4F915 /* Resources */,
			);
			buildRules = (
			);
			dependencies = (
			);
			name = "NFT Marketplace";
			packageProductDependencies = (
				3F603CCC29DB4A53000C43D7 /* ProgressHUD */,
				3F603CCF29DB4A74000C43D7 /* Kingfisher */,
				924849C52ABAEBDA00433452 /* YandexMobileMetrica */,
				924849C72ABAEBDA00433452 /* YandexMobileMetricaCrashes */,
			);
			productName = FakeNFT;
			productReference = 3F68069329CBBAF100B4F915 /* NFT Marketplace.app */;
			productType = "com.apple.product-type.application";
		};
/* End PBXNativeTarget section */

/* Begin PBXProject section */
		3F68068B29CBBAF100B4F915 /* Project object */ = {
			isa = PBXProject;
			attributes = {
				BuildIndependentTargetsInParallel = 1;
				LastSwiftUpdateCheck = 1430;
				LastUpgradeCheck = 1420;
				TargetAttributes = {
					3DEE59D32A97E00F00F84C21 = {
						CreatedOnToolsVersion = 14.3.1;
						LastSwiftMigration = 1430;
						TestTargetID = 3F68069229CBBAF100B4F915;
					};
					3DEE59E42A97E2D500F84C21 = {
						CreatedOnToolsVersion = 14.3.1;
						TestTargetID = 3F68069229CBBAF100B4F915;
					};
					3F68069229CBBAF100B4F915 = {
						CreatedOnToolsVersion = 14.2;
					};
				};
			};
			buildConfigurationList = 3F68068E29CBBAF100B4F915 /* Build configuration list for PBXProject "NFT Marketplace" */;
			compatibilityVersion = "Xcode 14.0";
			developmentRegion = en;
			hasScannedForEncodings = 0;
			knownRegions = (
				en,
				Base,
				ru,
				de,
			);
			mainGroup = 3F68068A29CBBAF100B4F915;
			packageReferences = (
				3F603CCB29DB4A53000C43D7 /* XCRemoteSwiftPackageReference "ProgressHUD" */,
				3F603CCE29DB4A74000C43D7 /* XCRemoteSwiftPackageReference "Kingfisher" */,
				924849C42ABAEBDA00433452 /* XCRemoteSwiftPackageReference "metrica-sdk-ios" */,
			);
			productRefGroup = 3F68069429CBBAF100B4F915 /* Products */;
			projectDirPath = "";
			projectRoot = "";
			targets = (
				3F68069229CBBAF100B4F915 /* NFT Marketplace */,
				3DEE59D32A97E00F00F84C21 /* NFT MarketplaceTests */,
				3DEE59E42A97E2D500F84C21 /* NFT MarketplaceUITests */,
			);
		};
/* End PBXProject section */

/* Begin PBXResourcesBuildPhase section */
		3DEE59D22A97E00F00F84C21 /* Resources */ = {
			isa = PBXResourcesBuildPhase;
			buildActionMask = 2147483647;
			files = (
			);
			runOnlyForDeploymentPostprocessing = 0;
		};
		3DEE59E32A97E2D500F84C21 /* Resources */ = {
			isa = PBXResourcesBuildPhase;
			buildActionMask = 2147483647;
			files = (
			);
			runOnlyForDeploymentPostprocessing = 0;
		};
		3F68069129CBBAF100B4F915 /* Resources */ = {
			isa = PBXResourcesBuildPhase;
			buildActionMask = 2147483647;
			files = (
				924849B82AB9F60400433452 /* Localizable.strings in Resources */,
				3F6806A329CBBAF200B4F915 /* LaunchScreen.storyboard in Resources */,
				3F6806A029CBBAF200B4F915 /* Assets.xcassets in Resources */,
			);
			runOnlyForDeploymentPostprocessing = 0;
		};
/* End PBXResourcesBuildPhase section */

/* Begin PBXShellScriptBuildPhase section */
		3FC8C39529D24CDB0081F015 /* Swiftlint */ = {
			isa = PBXShellScriptBuildPhase;
			alwaysOutOfDate = 1;
			buildActionMask = 2147483647;
			files = (
			);
			inputFileListPaths = (
			);
			inputPaths = (
			);
			name = Swiftlint;
			outputFileListPaths = (
			);
			outputPaths = (
			);
			runOnlyForDeploymentPostprocessing = 0;
			shellPath = /bin/sh;
			shellScript = "export PATH=\"$PATH:/opt/homebrew/bin\"\n#if which swiftlint > /dev/null; then\n# swiftlint --fix && swiftlint\n#else\n# echo \"warning: SwiftLint not installed, download from https://github.com/realm/SwiftLint\"\n#fi\n";
		};
/* End PBXShellScriptBuildPhase section */

/* Begin PBXSourcesBuildPhase section */
		3DEE59D02A97E00F00F84C21 /* Sources */ = {
			isa = PBXSourcesBuildPhase;
			buildActionMask = 2147483647;
			files = (
				3DEE59E02A97E22600F84C21 /* FavouriteNFTControllerTests.swift in Sources */,
				3DCFE4882AA34A4400E3A222 /* PaymentPresenterTests.swift in Sources */,
				3DCFE48B2AA34AA700E3A222 /* NetworkManagerStub.swift in Sources */,
				3D81A6AC2AA5CBC0008ECF46 /* PaymentManagerStub.swift in Sources */,
				3DCFE48D2AA34B0100E3A222 /* CurrencyMock.swift in Sources */,
				3DCFE48F2AA34C3A00E3A222 /* PaymentViewControllerSpy.swift in Sources */,
				3DEE59DE2A97E06200F84C21 /* CartControllerTests.swift in Sources */,
			);
			runOnlyForDeploymentPostprocessing = 0;
		};
		3DEE59E12A97E2D500F84C21 /* Sources */ = {
			isa = PBXSourcesBuildPhase;
			buildActionMask = 2147483647;
			files = (
				3DEE59E82A97E2D600F84C21 /* NFT_MarketplaceUITests.swift in Sources */,
			);
			runOnlyForDeploymentPostprocessing = 0;
		};
		3F68068F29CBBAF100B4F915 /* Sources */ = {
			isa = PBXSourcesBuildPhase;
			buildActionMask = 2147483647;
			files = (
				924849B42AB9F05000433452 /* FavouriteNFTController.swift in Sources */,
				924849B32AB9F01700433452 /* CartService.swift in Sources */,
				924849B22AB9F01200433452 /* ProductDetailsTableViewController.swift in Sources */,
				924849B12AB9F00F00433452 /* FavoritesNFTViewController.swift in Sources */,
				924849B02AB9F00C00433452 /* NFT.swift in Sources */,
				924849AF2AB9F00800433452 /* NetworkTask.swift in Sources */,
				924849AE2AB9F00500433452 /* Fonts.swift in Sources */,
				924849CA2ABAEC3D00433452 /* AppMetrics.swift in Sources */,
				92D0F1722AA9F91B007D0EE9 /* NFTTableViewCell.swift in Sources */,
				92D0F1522AA3628A007D0EE9 /* ProfileEditPresenter.swift in Sources */,
				92D0F1672AA78DED007D0EE9 /* MyNFTsPresenter.swift in Sources */,
				928F6B5C2AA0C445003023DD /* UserProfileStackView.swift in Sources */,
				3D6EB1E42AB8DF9300C263BE /* Strings.swift in Sources */,
				3D6EB1E32AB8DF8F00C263BE /* CartControllerProtocol.swift in Sources */,
				3D6EB1E22AB8DF8B00C263BE /* UIColor + Extension.swift in Sources */,
				ECA71AF52AB83B46006FB5DD /* CartViewController.swift in Sources */,
				ECA71AF42AB76792006FB5DD /* NetworkRequest.swift in Sources */,
				3D81A6A62AA5C04A008ECF46 /* PaymentManager.swift in Sources */,
				3D1CE1B22AA0607D002B31C4 /* DeleteNFTView.swift in Sources */,
				3D54FB5E2A9FF03500859D28 /* CartPresenter.swift in Sources */,
				3FC8C38B29D242E90081F015 /* ProductDetailsTableViewCell.swift in Sources */,
				64BA8B862A9BF65F007BE1F3 /* StatisticsViewController.swift in Sources */,
				64E185432A9D44F7004ACD0A /* UserDataService.swift in Sources */,
				EC204CA62A9E1BD600FB58E9 /* NFTCollection.swift in Sources */,
				3DEBDFD62A97D1A9001C7517 /* CustomButton.swift in Sources */,
				EC8021A42AB1D1280030D0A0 /* ProfileUpdateRequest.swift in Sources */,
				3F478ECF29DB474E00F6D39E /* Colors.swift in Sources */,
				92D0F1702AA8851D007D0EE9 /* AboutDeveloperViewController.swift in Sources */,
				928F6B582AA0C42D003023DD /* ProfilePresenter.swift in Sources */,
				927DBB342AA0D9DC00A04FDF /* AppConfiguration.swift in Sources */,
				92D0F16D2AA88105007D0EE9 /* FavoritesNFTPresenter.swift in Sources */,
				928F6B562AA0C42D003023DD /* ProfileViewController.swift in Sources */,
				92D0F14D2AA1180E007D0EE9 /* ProfileEditViewController.swift in Sources */,
				928F6B5D2AA0C445003023DD /* ProfileButtonsStackView.swift in Sources */,
				EC1DC7662A9CD55100C3C798 /* CatalogTableViewCell.swift in Sources */,
				64E185412A9D3880004ACD0A /* StatisticsPresenter.swift in Sources */,
				645E62E62AA1338500AD871D /* UserCardViewController.swift in Sources */,
				3D81A6A02AA5AEB5008ECF46 /* PaymentConfirmationPresenter.swift in Sources */,
				3DCFE47E2AA25F1600E3A222 /* Currency.swift in Sources */,
				EC4B91E32AADCDE80077A4F4 /* CollectionDataProvider.swift in Sources */,
				3DCFE4802AA32BCD00E3A222 /* PaymentPresenter.swift in Sources */,
				EC4B91E12AAC69B30077A4F4 /* UserNetworkModel.swift in Sources */,
				3D3F6A9E2AB3878600451D13 /* SavingManager.swift in Sources */,
				3FC8C39329D246BA0081F015 /* DateFormatters+Presets.swift in Sources */,
				EC8021A22AB1D0A60030D0A0 /* ProfileModel.swift in Sources */,
				3DEBDFE02A97D4A5001C7517 /* FavouriteNFTControllerProtocol.swift in Sources */,
				92D0F14F2AA26E5E007D0EE9 /* ProfileEditUserPicture.swift in Sources */,
				92D0F1652AA78DAC007D0EE9 /* MyNFTsViewController.swift in Sources */,
				927DBB362AA0D9E700A04FDF /* TabBarController.swift in Sources */,
				928F6B572AA0C42D003023DD /* ProfileService.swift in Sources */,
				928F6B4F2AA0C3E0003023DD /* UserProfile.swift in Sources */,
				92D0F17C2AB5A00D007D0EE9 /* DeveloperCustomView.swift in Sources */,
				92D0F1762AADD99E007D0EE9 /* FavoritesNFTCVCell.swift in Sources */,
				645E62E82AA1340600AD871D /* UserCardPresenter.swift in Sources */,
				6431B67C2AB1E71F00B0DAAF /* Profile.swift in Sources */,
				3D81A6A42AA5B937008ECF46 /* OrderPaymentResponse.swift in Sources */,
				3D4476052A98B65500683647 /* CartNFTCell.swift in Sources */,
				924849C32ABAEAB600433452 /* AnalyticsService.swift in Sources */,
				64E1852F2A9BF95D004ACD0A /* StatisticsCell.swift in Sources */,
				6487E5F62AB2F3D3006E90B9 /* UserViewModel.swift in Sources */,
				EC204CB22AA3167E00FB58E9 /* NFTCollectionCell.swift in Sources */,
				3D4476072A98B91600683647 /* UIImage+Extension.swift in Sources */,
				3DCFE47A2AA257F400E3A222 /* CurrencyCell.swift in Sources */,
				3DCFE4822AA32DBC00E3A222 /* NetworkManager.swift in Sources */,
				3D3F6A9C2AB19E7700451D13 /* AlertModel.swift in Sources */,
				3F68069729CBBAF100B4F915 /* AppDelegate.swift in Sources */,
				EC204CA22A9E11B900FB58E9 /* NFTTableViewRequest.swift in Sources */,
				3F68069929CBBAF100B4F915 /* SceneDelegate.swift in Sources */,
				92D0F1742AAA340B007D0EE9 /* NFTModel.swift in Sources */,
				EC4B91E52AADE8000077A4F4 /* UserModel.swift in Sources */,
				EC1DC7672A9CD55100C3C798 /* CatalogViewController.swift in Sources */,
				EC204CA92A9E445600FB58E9 /* CatalogDataProvider.swift in Sources */,
				3DCFE47C2AA25BC200E3A222 /* PaymentViewController.swift in Sources */,
				3FC8C39129D2453B0081F015 /* ExampleRequest.swift in Sources */,
				EC204CAD2A9F88F000FB58E9 /* String + Extension.swift in Sources */,
				3F6806D729CBC50A00B4F915 /* CellsReusingUtils.swift in Sources */,
				92D0F1542AA3910C007D0EE9 /* UploadProfileModel.swift in Sources */,
				92D0F17E2AB65CD3007D0EE9 /* DevelopersData.swift in Sources */,
				928F6B482AA0C373003023DD /* ProfileButton.swift in Sources */,
				92D0F14B2AA11793007D0EE9 /* ProfileEditStackView.swift in Sources */,
				64E185452A9E1BB0004ACD0A /* Users.swift in Sources */,
				645E62EA2AA1342B00AD871D /* UserCardService.swift in Sources */,
				6431B6822AB281BC00B0DAAF /* UserWebsiteWebView.swift in Sources */,
				6487E5F42AB2EAE3006E90B9 /* CartControllerStub.swift in Sources */,
				6431B6742AAC8B6D00B0DAAF /* UsersCollectionViewController.swift in Sources */,
				EC8021A62AB324460030D0A0 /* ProfileGetRequest.swift in Sources */,
				EC4B91E72AAE1FB20077A4F4 /* NFTGetRequest.swift in Sources */,
				EC4B91DD2AAB54590077A4F4 /* CatalogCollectionViewData.swift in Sources */,
				EC204CAB2A9F21B900FB58E9 /* NFTCollectionsSortAttributes.swift in Sources */,
				EC204CB02AA20A1F00FB58E9 /* CatalogСollectionViewController.swift in Sources */,
				3DCFE4862AA33D7900E3A222 /* CurrencyCellModel.swift in Sources */,
				924849CC2ABAEC7000433452 /* AppMetricsParametrs.swift in Sources */,
				6431B6782AAC8BA000B0DAAF /* UsersCollectionService.swift in Sources */,
				3F6806D129CBBE6B00B4F915 /* NetworkClient.swift in Sources */,
				EC8A946B2AAA1BAC00EBF303 /* CatalogСollectionPresenter.swift in Sources */,
				EC204CA42A9E1A6900FB58E9 /* UserByIdRequest.swift in Sources */,
				EC1DC7652A9CD55100C3C798 /* CatalogPresenter.swift in Sources */,
				3D81A6AA2AA5C2C5008ECF46 /* OrderResponse.swift in Sources */,
				3D76F77C2A9901F900C6FC84 /* CartCellModel.swift in Sources */,
				3DCFE4842AA331B300E3A222 /* PaymentRequests.swift in Sources */,
				3D81A69E2AA5A202008ECF46 /* PaymentConfirmationViewController.swift in Sources */,
				3DEBDFD42A97D17B001C7517 /* StarRatingView.swift in Sources */,
				64AAD07F2AA67E74003E9211 /* UIBlockingProgressHUD.swift in Sources */,
				6431B6762AAC8B9400B0DAAF /* UsersCollectionPresenter.swift in Sources */,
			);
			runOnlyForDeploymentPostprocessing = 0;
		};
/* End PBXSourcesBuildPhase section */

/* Begin PBXTargetDependency section */
		3DEE59D92A97E00F00F84C21 /* PBXTargetDependency */ = {
			isa = PBXTargetDependency;
			target = 3F68069229CBBAF100B4F915 /* NFT Marketplace */;
			targetProxy = 3DEE59D82A97E00F00F84C21 /* PBXContainerItemProxy */;
		};
		3DEE59EC2A97E2D600F84C21 /* PBXTargetDependency */ = {
			isa = PBXTargetDependency;
			target = 3F68069229CBBAF100B4F915 /* NFT Marketplace */;
			targetProxy = 3DEE59EB2A97E2D600F84C21 /* PBXContainerItemProxy */;
		};
/* End PBXTargetDependency section */

/* Begin PBXVariantGroup section */
		3F6806A129CBBAF200B4F915 /* LaunchScreen.storyboard */ = {
			isa = PBXVariantGroup;
			children = (
				3F6806A229CBBAF200B4F915 /* Base */,
			);
			name = LaunchScreen.storyboard;
			sourceTree = "<group>";
		};
		924849BA2AB9F60400433452 /* Localizable.strings */ = {
			isa = PBXVariantGroup;
			children = (
				924849B92AB9F60400433452 /* en */,
				924849BC2AB9F61700433452 /* ru */,
				924849BD2AB9F64000433452 /* de */,
			);
			name = Localizable.strings;
			sourceTree = "<group>";
		};
/* End PBXVariantGroup section */

/* Begin XCBuildConfiguration section */
		3DEE59DB2A97E00F00F84C21 /* Debug */ = {
			isa = XCBuildConfiguration;
			buildSettings = {
				BUNDLE_LOADER = "$(TEST_HOST)";
				CLANG_ENABLE_MODULES = YES;
				"CODE_SIGN_IDENTITY[sdk=macosx*]" = "Apple Development";
				CODE_SIGN_STYLE = Automatic;
				CURRENT_PROJECT_VERSION = 1;
				DEVELOPMENT_TEAM = "";
				GENERATE_INFOPLIST_FILE = YES;
				IPHONEOS_DEPLOYMENT_TARGET = 16.4;
				MARKETING_VERSION = 1.0;
				PRODUCT_BUNDLE_IDENTIFIER = "com.practicum.NFT-MarketplaceTests";
				PRODUCT_NAME = "$(TARGET_NAME)";
				SWIFT_EMIT_LOC_STRINGS = NO;
				SWIFT_OPTIMIZATION_LEVEL = "-Onone";
				SWIFT_VERSION = 5.0;
				TARGETED_DEVICE_FAMILY = "1,2";
				TEST_HOST = "$(BUILT_PRODUCTS_DIR)/NFT Marketplace.app/$(BUNDLE_EXECUTABLE_FOLDER_PATH)/NFT Marketplace";
			};
			name = Debug;
		};
		3DEE59DC2A97E00F00F84C21 /* Release */ = {
			isa = XCBuildConfiguration;
			buildSettings = {
				BUNDLE_LOADER = "$(TEST_HOST)";
				CLANG_ENABLE_MODULES = YES;
				"CODE_SIGN_IDENTITY[sdk=macosx*]" = "Apple Development";
				CODE_SIGN_STYLE = Automatic;
				CURRENT_PROJECT_VERSION = 1;
				DEVELOPMENT_TEAM = "";
				GENERATE_INFOPLIST_FILE = YES;
				IPHONEOS_DEPLOYMENT_TARGET = 16.4;
				MARKETING_VERSION = 1.0;
				PRODUCT_BUNDLE_IDENTIFIER = "com.practicum.NFT-MarketplaceTests";
				PRODUCT_NAME = "$(TARGET_NAME)";
				SWIFT_EMIT_LOC_STRINGS = NO;
				SWIFT_VERSION = 5.0;
				TARGETED_DEVICE_FAMILY = "1,2";
				TEST_HOST = "$(BUILT_PRODUCTS_DIR)/NFT Marketplace.app/$(BUNDLE_EXECUTABLE_FOLDER_PATH)/NFT Marketplace";
			};
			name = Release;
		};
		3DEE59EE2A97E2D600F84C21 /* Debug */ = {
			isa = XCBuildConfiguration;
			buildSettings = {
				"CODE_SIGN_IDENTITY[sdk=macosx*]" = "Apple Development";
				CODE_SIGN_STYLE = Automatic;
				CURRENT_PROJECT_VERSION = 1;
				DEVELOPMENT_TEAM = "";
				GENERATE_INFOPLIST_FILE = YES;
				IPHONEOS_DEPLOYMENT_TARGET = 16.4;
				MARKETING_VERSION = 1.0;
				PRODUCT_BUNDLE_IDENTIFIER = "com.practicum.NFT-MarketplaceUITests";
				PRODUCT_NAME = "$(TARGET_NAME)";
				SWIFT_EMIT_LOC_STRINGS = NO;
				SWIFT_VERSION = 5.0;
				TARGETED_DEVICE_FAMILY = "1,2";
				TEST_TARGET_NAME = "NFT Marketplace";
			};
			name = Debug;
		};
		3DEE59EF2A97E2D600F84C21 /* Release */ = {
			isa = XCBuildConfiguration;
			buildSettings = {
				"CODE_SIGN_IDENTITY[sdk=macosx*]" = "Apple Development";
				CODE_SIGN_STYLE = Automatic;
				CURRENT_PROJECT_VERSION = 1;
				DEVELOPMENT_TEAM = "";
				GENERATE_INFOPLIST_FILE = YES;
				IPHONEOS_DEPLOYMENT_TARGET = 16.4;
				MARKETING_VERSION = 1.0;
				PRODUCT_BUNDLE_IDENTIFIER = "com.practicum.NFT-MarketplaceUITests";
				PRODUCT_NAME = "$(TARGET_NAME)";
				SWIFT_EMIT_LOC_STRINGS = NO;
				SWIFT_VERSION = 5.0;
				TARGETED_DEVICE_FAMILY = "1,2";
				TEST_TARGET_NAME = "NFT Marketplace";
			};
			name = Release;
		};
		3F6806BB29CBBAF200B4F915 /* Debug */ = {
			isa = XCBuildConfiguration;
			buildSettings = {
				ALWAYS_SEARCH_USER_PATHS = NO;
				CLANG_ANALYZER_LOCALIZABILITY_NONLOCALIZED = YES;
				CLANG_ANALYZER_NONNULL = YES;
				CLANG_ANALYZER_NUMBER_OBJECT_CONVERSION = YES_AGGRESSIVE;
				CLANG_CXX_LANGUAGE_STANDARD = "gnu++20";
				CLANG_ENABLE_MODULES = YES;
				CLANG_ENABLE_OBJC_ARC = YES;
				CLANG_ENABLE_OBJC_WEAK = YES;
				CLANG_WARN_BLOCK_CAPTURE_AUTORELEASING = YES;
				CLANG_WARN_BOOL_CONVERSION = YES;
				CLANG_WARN_COMMA = YES;
				CLANG_WARN_CONSTANT_CONVERSION = YES;
				CLANG_WARN_DEPRECATED_OBJC_IMPLEMENTATIONS = YES;
				CLANG_WARN_DIRECT_OBJC_ISA_USAGE = YES_ERROR;
				CLANG_WARN_DOCUMENTATION_COMMENTS = YES;
				CLANG_WARN_EMPTY_BODY = YES;
				CLANG_WARN_ENUM_CONVERSION = YES;
				CLANG_WARN_INFINITE_RECURSION = YES;
				CLANG_WARN_INT_CONVERSION = YES;
				CLANG_WARN_NON_LITERAL_NULL_CONVERSION = YES;
				CLANG_WARN_OBJC_IMPLICIT_RETAIN_SELF = YES;
				CLANG_WARN_OBJC_LITERAL_CONVERSION = YES;
				CLANG_WARN_OBJC_ROOT_CLASS = YES_ERROR;
				CLANG_WARN_QUOTED_INCLUDE_IN_FRAMEWORK_HEADER = YES;
				CLANG_WARN_RANGE_LOOP_ANALYSIS = YES;
				CLANG_WARN_STRICT_PROTOTYPES = YES;
				CLANG_WARN_SUSPICIOUS_MOVE = YES;
				CLANG_WARN_UNGUARDED_AVAILABILITY = YES_AGGRESSIVE;
				CLANG_WARN_UNREACHABLE_CODE = YES;
				CLANG_WARN__DUPLICATE_METHOD_MATCH = YES;
				COPY_PHASE_STRIP = NO;
				DEBUG_INFORMATION_FORMAT = dwarf;
				ENABLE_STRICT_OBJC_MSGSEND = YES;
				ENABLE_TESTABILITY = YES;
				GCC_C_LANGUAGE_STANDARD = gnu11;
				GCC_DYNAMIC_NO_PIC = NO;
				GCC_NO_COMMON_BLOCKS = YES;
				GCC_OPTIMIZATION_LEVEL = 0;
				GCC_PREPROCESSOR_DEFINITIONS = (
					"DEBUG=1",
					"$(inherited)",
				);
				GCC_WARN_64_TO_32_BIT_CONVERSION = YES;
				GCC_WARN_ABOUT_RETURN_TYPE = YES_ERROR;
				GCC_WARN_UNDECLARED_SELECTOR = YES;
				GCC_WARN_UNINITIALIZED_AUTOS = YES_AGGRESSIVE;
				GCC_WARN_UNUSED_FUNCTION = YES;
				GCC_WARN_UNUSED_VARIABLE = YES;
				IPHONEOS_DEPLOYMENT_TARGET = 14.0;
				MTL_ENABLE_DEBUG_INFO = INCLUDE_SOURCE;
				MTL_FAST_MATH = YES;
				ONLY_ACTIVE_ARCH = YES;
				SDKROOT = iphoneos;
				SWIFT_ACTIVE_COMPILATION_CONDITIONS = DEBUG;
				SWIFT_OPTIMIZATION_LEVEL = "-Onone";
			};
			name = Debug;
		};
		3F6806BC29CBBAF200B4F915 /* Release */ = {
			isa = XCBuildConfiguration;
			buildSettings = {
				ALWAYS_SEARCH_USER_PATHS = NO;
				CLANG_ANALYZER_LOCALIZABILITY_NONLOCALIZED = YES;
				CLANG_ANALYZER_NONNULL = YES;
				CLANG_ANALYZER_NUMBER_OBJECT_CONVERSION = YES_AGGRESSIVE;
				CLANG_CXX_LANGUAGE_STANDARD = "gnu++20";
				CLANG_ENABLE_MODULES = YES;
				CLANG_ENABLE_OBJC_ARC = YES;
				CLANG_ENABLE_OBJC_WEAK = YES;
				CLANG_WARN_BLOCK_CAPTURE_AUTORELEASING = YES;
				CLANG_WARN_BOOL_CONVERSION = YES;
				CLANG_WARN_COMMA = YES;
				CLANG_WARN_CONSTANT_CONVERSION = YES;
				CLANG_WARN_DEPRECATED_OBJC_IMPLEMENTATIONS = YES;
				CLANG_WARN_DIRECT_OBJC_ISA_USAGE = YES_ERROR;
				CLANG_WARN_DOCUMENTATION_COMMENTS = YES;
				CLANG_WARN_EMPTY_BODY = YES;
				CLANG_WARN_ENUM_CONVERSION = YES;
				CLANG_WARN_INFINITE_RECURSION = YES;
				CLANG_WARN_INT_CONVERSION = YES;
				CLANG_WARN_NON_LITERAL_NULL_CONVERSION = YES;
				CLANG_WARN_OBJC_IMPLICIT_RETAIN_SELF = YES;
				CLANG_WARN_OBJC_LITERAL_CONVERSION = YES;
				CLANG_WARN_OBJC_ROOT_CLASS = YES_ERROR;
				CLANG_WARN_QUOTED_INCLUDE_IN_FRAMEWORK_HEADER = YES;
				CLANG_WARN_RANGE_LOOP_ANALYSIS = YES;
				CLANG_WARN_STRICT_PROTOTYPES = YES;
				CLANG_WARN_SUSPICIOUS_MOVE = YES;
				CLANG_WARN_UNGUARDED_AVAILABILITY = YES_AGGRESSIVE;
				CLANG_WARN_UNREACHABLE_CODE = YES;
				CLANG_WARN__DUPLICATE_METHOD_MATCH = YES;
				COPY_PHASE_STRIP = NO;
				DEBUG_INFORMATION_FORMAT = "dwarf-with-dsym";
				ENABLE_NS_ASSERTIONS = NO;
				ENABLE_STRICT_OBJC_MSGSEND = YES;
				GCC_C_LANGUAGE_STANDARD = gnu11;
				GCC_NO_COMMON_BLOCKS = YES;
				GCC_WARN_64_TO_32_BIT_CONVERSION = YES;
				GCC_WARN_ABOUT_RETURN_TYPE = YES_ERROR;
				GCC_WARN_UNDECLARED_SELECTOR = YES;
				GCC_WARN_UNINITIALIZED_AUTOS = YES_AGGRESSIVE;
				GCC_WARN_UNUSED_FUNCTION = YES;
				GCC_WARN_UNUSED_VARIABLE = YES;
				IPHONEOS_DEPLOYMENT_TARGET = 14.0;
				MTL_ENABLE_DEBUG_INFO = NO;
				MTL_FAST_MATH = YES;
				SDKROOT = iphoneos;
				SWIFT_COMPILATION_MODE = wholemodule;
				SWIFT_OPTIMIZATION_LEVEL = "-O";
				VALIDATE_PRODUCT = YES;
			};
			name = Release;
		};
		3F6806BE29CBBAF200B4F915 /* Debug */ = {
			isa = XCBuildConfiguration;
			buildSettings = {
				ASSETCATALOG_COMPILER_APPICON_NAME = AppIcon;
				ASSETCATALOG_COMPILER_GLOBAL_ACCENT_COLOR_NAME = AccentColor;
				CODE_SIGN_STYLE = Automatic;
				CURRENT_PROJECT_VERSION = 1;
				DEVELOPMENT_TEAM = "";
				GENERATE_INFOPLIST_FILE = YES;
				INFOPLIST_FILE = "NFT Marketplace/Info.plist";
				INFOPLIST_KEY_CFBundleDisplayName = "NFT Marketplace";
				INFOPLIST_KEY_NSPhotoLibraryUsageDescription = "Требуется доступ к вашей фотогалерее, чтобы вы могли выбрать изображение для своего профиля.";
				INFOPLIST_KEY_UIApplicationSupportsIndirectInputEvents = YES;
				INFOPLIST_KEY_UILaunchStoryboardName = LaunchScreen;
				INFOPLIST_KEY_UISupportedInterfaceOrientations = UIInterfaceOrientationPortrait;
				INFOPLIST_KEY_UISupportedInterfaceOrientations_iPad = "UIInterfaceOrientationLandscapeLeft UIInterfaceOrientationLandscapeRight UIInterfaceOrientationPortrait UIInterfaceOrientationPortraitUpsideDown";
				IPHONEOS_DEPLOYMENT_TARGET = 14.0;
				LD_RUNPATH_SEARCH_PATHS = (
					"$(inherited)",
					"@executable_path/Frameworks",
				);
				MARKETING_VERSION = 1.0;
				PRODUCT_BUNDLE_IDENTIFIER = "com.practicum.NFT-Marketplace";
				PRODUCT_NAME = "$(TARGET_NAME)";
				SUPPORTED_PLATFORMS = "iphoneos iphonesimulator";
				SUPPORTS_MACCATALYST = NO;
				SUPPORTS_MAC_DESIGNED_FOR_IPHONE_IPAD = NO;
				SWIFT_EMIT_LOC_STRINGS = YES;
				SWIFT_VERSION = 5.0;
				TARGETED_DEVICE_FAMILY = 1;
			};
			name = Debug;
		};
		3F6806BF29CBBAF200B4F915 /* Release */ = {
			isa = XCBuildConfiguration;
			buildSettings = {
				ASSETCATALOG_COMPILER_APPICON_NAME = AppIcon;
				ASSETCATALOG_COMPILER_GLOBAL_ACCENT_COLOR_NAME = AccentColor;
				CODE_SIGN_STYLE = Automatic;
				CURRENT_PROJECT_VERSION = 1;
				DEVELOPMENT_TEAM = "";
				GENERATE_INFOPLIST_FILE = YES;
				INFOPLIST_FILE = "NFT Marketplace/Info.plist";
				INFOPLIST_KEY_CFBundleDisplayName = "NFT Marketplace";
				INFOPLIST_KEY_NSPhotoLibraryUsageDescription = "Требуется доступ к вашей фотогалерее, чтобы вы могли выбрать изображение для своего профиля.";
				INFOPLIST_KEY_UIApplicationSupportsIndirectInputEvents = YES;
				INFOPLIST_KEY_UILaunchStoryboardName = LaunchScreen;
				INFOPLIST_KEY_UISupportedInterfaceOrientations = UIInterfaceOrientationPortrait;
				INFOPLIST_KEY_UISupportedInterfaceOrientations_iPad = "UIInterfaceOrientationLandscapeLeft UIInterfaceOrientationLandscapeRight UIInterfaceOrientationPortrait UIInterfaceOrientationPortraitUpsideDown";
				IPHONEOS_DEPLOYMENT_TARGET = 14.0;
				LD_RUNPATH_SEARCH_PATHS = (
					"$(inherited)",
					"@executable_path/Frameworks",
				);
				MARKETING_VERSION = 1.0;
				PRODUCT_BUNDLE_IDENTIFIER = "com.practicum.NFT-Marketplace";
				PRODUCT_NAME = "$(TARGET_NAME)";
				SUPPORTED_PLATFORMS = "iphoneos iphonesimulator";
				SUPPORTS_MACCATALYST = NO;
				SUPPORTS_MAC_DESIGNED_FOR_IPHONE_IPAD = NO;
				SWIFT_EMIT_LOC_STRINGS = YES;
				SWIFT_VERSION = 5.0;
				TARGETED_DEVICE_FAMILY = 1;
			};
			name = Release;
		};
/* End XCBuildConfiguration section */

/* Begin XCConfigurationList section */
		3DEE59DA2A97E00F00F84C21 /* Build configuration list for PBXNativeTarget "NFT MarketplaceTests" */ = {
			isa = XCConfigurationList;
			buildConfigurations = (
				3DEE59DB2A97E00F00F84C21 /* Debug */,
				3DEE59DC2A97E00F00F84C21 /* Release */,
			);
			defaultConfigurationIsVisible = 0;
			defaultConfigurationName = Release;
		};
		3DEE59ED2A97E2D600F84C21 /* Build configuration list for PBXNativeTarget "NFT MarketplaceUITests" */ = {
			isa = XCConfigurationList;
			buildConfigurations = (
				3DEE59EE2A97E2D600F84C21 /* Debug */,
				3DEE59EF2A97E2D600F84C21 /* Release */,
			);
			defaultConfigurationIsVisible = 0;
			defaultConfigurationName = Release;
		};
		3F68068E29CBBAF100B4F915 /* Build configuration list for PBXProject "NFT Marketplace" */ = {
			isa = XCConfigurationList;
			buildConfigurations = (
				3F6806BB29CBBAF200B4F915 /* Debug */,
				3F6806BC29CBBAF200B4F915 /* Release */,
			);
			defaultConfigurationIsVisible = 0;
			defaultConfigurationName = Release;
		};
		3F6806BD29CBBAF200B4F915 /* Build configuration list for PBXNativeTarget "NFT Marketplace" */ = {
			isa = XCConfigurationList;
			buildConfigurations = (
				3F6806BE29CBBAF200B4F915 /* Debug */,
				3F6806BF29CBBAF200B4F915 /* Release */,
			);
			defaultConfigurationIsVisible = 0;
			defaultConfigurationName = Release;
		};
/* End XCConfigurationList section */

/* Begin XCRemoteSwiftPackageReference section */
		3F603CCB29DB4A53000C43D7 /* XCRemoteSwiftPackageReference "ProgressHUD" */ = {
			isa = XCRemoteSwiftPackageReference;
			repositoryURL = "https://github.com/relatedcode/ProgressHUD";
			requirement = {
				kind = upToNextMajorVersion;
				minimumVersion = 13.0.0;
			};
		};
		3F603CCE29DB4A74000C43D7 /* XCRemoteSwiftPackageReference "Kingfisher" */ = {
			isa = XCRemoteSwiftPackageReference;
			repositoryURL = "https://github.com/onevcat/Kingfisher.git";
			requirement = {
				kind = upToNextMajorVersion;
				minimumVersion = 7.0.0;
			};
		};
		924849C42ABAEBDA00433452 /* XCRemoteSwiftPackageReference "metrica-sdk-ios" */ = {
			isa = XCRemoteSwiftPackageReference;
			repositoryURL = "https://github.com/yandexmobile/metrica-sdk-ios";
			requirement = {
				kind = upToNextMinorVersion;
				minimumVersion = 4.5.0;
			};
		};
/* End XCRemoteSwiftPackageReference section */

/* Begin XCSwiftPackageProductDependency section */
		3F603CCC29DB4A53000C43D7 /* ProgressHUD */ = {
			isa = XCSwiftPackageProductDependency;
			package = 3F603CCB29DB4A53000C43D7 /* XCRemoteSwiftPackageReference "ProgressHUD" */;
			productName = ProgressHUD;
		};
		3F603CCF29DB4A74000C43D7 /* Kingfisher */ = {
			isa = XCSwiftPackageProductDependency;
			package = 3F603CCE29DB4A74000C43D7 /* XCRemoteSwiftPackageReference "Kingfisher" */;
			productName = Kingfisher;
		};
		924849C52ABAEBDA00433452 /* YandexMobileMetrica */ = {
			isa = XCSwiftPackageProductDependency;
			package = 924849C42ABAEBDA00433452 /* XCRemoteSwiftPackageReference "metrica-sdk-ios" */;
			productName = YandexMobileMetrica;
		};
		924849C72ABAEBDA00433452 /* YandexMobileMetricaCrashes */ = {
			isa = XCSwiftPackageProductDependency;
			package = 924849C42ABAEBDA00433452 /* XCRemoteSwiftPackageReference "metrica-sdk-ios" */;
			productName = YandexMobileMetricaCrashes;
		};
/* End XCSwiftPackageProductDependency section */
	};
	rootObject = 3F68068B29CBBAF100B4F915 /* Project object */;
}
