// !$*UTF8*$!
{
	archiveVersion = 1;
	classes = {
	};
	objectVersion = 56;
	objects = {

/* Begin PBXBuildFile section */
		3DEBDFCE2A97CE4F001C7517 /* Strings.swift in Sources */ = {isa = PBXBuildFile; fileRef = 3DEBDFCD2A97CE4F001C7517 /* Strings.swift */; };
		3DEBDFD02A97CE8E001C7517 /* CartViewController.swift in Sources */ = {isa = PBXBuildFile; fileRef = 3DEBDFCF2A97CE8E001C7517 /* CartViewController.swift */; };
		3DEBDFD42A97D17B001C7517 /* StarRatingView.swift in Sources */ = {isa = PBXBuildFile; fileRef = 3DEBDFD32A97D17B001C7517 /* StarRatingView.swift */; };
		3DEBDFD62A97D1A9001C7517 /* CustomButton.swift in Sources */ = {isa = PBXBuildFile; fileRef = 3DEBDFD52A97D1A9001C7517 /* CustomButton.swift */; };
		3DEBDFDA2A97D45B001C7517 /* CartController.swift in Sources */ = {isa = PBXBuildFile; fileRef = 3DEBDFD92A97D45B001C7517 /* CartController.swift */; };
		3DEBDFDC2A97D474001C7517 /* CartControllerProtocol.swift in Sources */ = {isa = PBXBuildFile; fileRef = 3DEBDFDB2A97D474001C7517 /* CartControllerProtocol.swift */; };
		3DEBDFDE2A97D48E001C7517 /* FavouriteNFTController.swift in Sources */ = {isa = PBXBuildFile; fileRef = 3DEBDFDD2A97D48E001C7517 /* FavouriteNFTController.swift */; };
		3DEBDFE02A97D4A5001C7517 /* FavouriteNFTControllerProtocol.swift in Sources */ = {isa = PBXBuildFile; fileRef = 3DEBDFDF2A97D4A5001C7517 /* FavouriteNFTControllerProtocol.swift */; };
		3DEBDFE22A97D4C9001C7517 /* NFT.swift in Sources */ = {isa = PBXBuildFile; fileRef = 3DEBDFE12A97D4C9001C7517 /* NFT.swift */; };
		3DEE59DE2A97E06200F84C21 /* CartControllerTests.swift in Sources */ = {isa = PBXBuildFile; fileRef = 3DEE59DD2A97E06200F84C21 /* CartControllerTests.swift */; };
		3DEE59E02A97E22600F84C21 /* FavouriteNFTControllerTests.swift in Sources */ = {isa = PBXBuildFile; fileRef = 3DEE59DF2A97E22600F84C21 /* FavouriteNFTControllerTests.swift */; };
		3DEE59E82A97E2D600F84C21 /* NFT_MarketplaceUITests.swift in Sources */ = {isa = PBXBuildFile; fileRef = 3DEE59E72A97E2D600F84C21 /* NFT_MarketplaceUITests.swift */; };
		3F478ECF29DB474E00F6D39E /* Colors.swift in Sources */ = {isa = PBXBuildFile; fileRef = 3F478ECE29DB474E00F6D39E /* Colors.swift */; };
		3F478ED129DB476500F6D39E /* Fonts.swift in Sources */ = {isa = PBXBuildFile; fileRef = 3F478ED029DB476500F6D39E /* Fonts.swift */; };
		3F603CCD29DB4A53000C43D7 /* ProgressHUD in Frameworks */ = {isa = PBXBuildFile; productRef = 3F603CCC29DB4A53000C43D7 /* ProgressHUD */; };
		3F603CD029DB4A74000C43D7 /* Kingfisher in Frameworks */ = {isa = PBXBuildFile; productRef = 3F603CCF29DB4A74000C43D7 /* Kingfisher */; };
		3F68069729CBBAF100B4F915 /* AppDelegate.swift in Sources */ = {isa = PBXBuildFile; fileRef = 3F68069629CBBAF100B4F915 /* AppDelegate.swift */; };
		3F68069929CBBAF100B4F915 /* SceneDelegate.swift in Sources */ = {isa = PBXBuildFile; fileRef = 3F68069829CBBAF100B4F915 /* SceneDelegate.swift */; };
		3F68069B29CBBAF100B4F915 /* ProductDetailsTableViewController.swift in Sources */ = {isa = PBXBuildFile; fileRef = 3F68069A29CBBAF100B4F915 /* ProductDetailsTableViewController.swift */; };
		3F6806A029CBBAF200B4F915 /* Assets.xcassets in Resources */ = {isa = PBXBuildFile; fileRef = 3F68069F29CBBAF200B4F915 /* Assets.xcassets */; };
		3F6806A329CBBAF200B4F915 /* LaunchScreen.storyboard in Resources */ = {isa = PBXBuildFile; fileRef = 3F6806A129CBBAF200B4F915 /* LaunchScreen.storyboard */; };
		3F6806D129CBBE6B00B4F915 /* NetworkClient.swift in Sources */ = {isa = PBXBuildFile; fileRef = 3F6806D029CBBE6B00B4F915 /* NetworkClient.swift */; };
		3F6806D329CBBE9600B4F915 /* NetworkRequest.swift in Sources */ = {isa = PBXBuildFile; fileRef = 3F6806D229CBBE9600B4F915 /* NetworkRequest.swift */; };
		3F6806D529CBBEC700B4F915 /* NetworkTask.swift in Sources */ = {isa = PBXBuildFile; fileRef = 3F6806D429CBBEC700B4F915 /* NetworkTask.swift */; };
		3F6806D729CBC50A00B4F915 /* CellsReusingUtils.swift in Sources */ = {isa = PBXBuildFile; fileRef = 3F6806D629CBC50A00B4F915 /* CellsReusingUtils.swift */; };
		3FC8C38B29D242E90081F015 /* ProductDetailsTableViewCell.swift in Sources */ = {isa = PBXBuildFile; fileRef = 3FC8C38A29D242E90081F015 /* ProductDetailsTableViewCell.swift */; };
		3FC8C39129D2453B0081F015 /* ExampleRequest.swift in Sources */ = {isa = PBXBuildFile; fileRef = 3FC8C39029D2453B0081F015 /* ExampleRequest.swift */; };
		3FC8C39329D246BA0081F015 /* DateFormatters+Presets.swift in Sources */ = {isa = PBXBuildFile; fileRef = 3FC8C39229D246BA0081F015 /* DateFormatters+Presets.swift */; };
		920BE3772A98A43A009B2F43 /* UIColor + Extension.swift in Sources */ = {isa = PBXBuildFile; fileRef = 920BE3762A98A43A009B2F43 /* UIColor + Extension.swift */; };
		927DBB342AA0D9DC00A04FDF /* AppConfiguration.swift in Sources */ = {isa = PBXBuildFile; fileRef = 927DBB332AA0D9DC00A04FDF /* AppConfiguration.swift */; };
		927DBB362AA0D9E700A04FDF /* TabBarController.swift in Sources */ = {isa = PBXBuildFile; fileRef = 927DBB352AA0D9E700A04FDF /* TabBarController.swift */; };
		928F6B462AA0C1F2003023DD /* Декомпозиция Профиля.md in Resources */ = {isa = PBXBuildFile; fileRef = 928F6B452AA0C1F2003023DD /* Декомпозиция Профиля.md */; };
		928F6B482AA0C373003023DD /* ProfileButton.swift in Sources */ = {isa = PBXBuildFile; fileRef = 928F6B472AA0C373003023DD /* ProfileButton.swift */; };
		928F6B4F2AA0C3E0003023DD /* UserProfile.swift in Sources */ = {isa = PBXBuildFile; fileRef = 928F6B4E2AA0C3E0003023DD /* UserProfile.swift */; };
		928F6B562AA0C42D003023DD /* ProfileViewController.swift in Sources */ = {isa = PBXBuildFile; fileRef = 928F6B532AA0C42D003023DD /* ProfileViewController.swift */; };
		928F6B572AA0C42D003023DD /* ProfileService.swift in Sources */ = {isa = PBXBuildFile; fileRef = 928F6B542AA0C42D003023DD /* ProfileService.swift */; };
		928F6B582AA0C42D003023DD /* ProfileVCPresenter.swift in Sources */ = {isa = PBXBuildFile; fileRef = 928F6B552AA0C42D003023DD /* ProfileVCPresenter.swift */; };
		928F6B5C2AA0C445003023DD /* UserProfileStackView.swift in Sources */ = {isa = PBXBuildFile; fileRef = 928F6B5A2AA0C445003023DD /* UserProfileStackView.swift */; };
		928F6B5D2AA0C445003023DD /* ProfileButtonsStackView.swift in Sources */ = {isa = PBXBuildFile; fileRef = 928F6B5B2AA0C445003023DD /* ProfileButtonsStackView.swift */; };
		92D0F14B2AA11793007D0EE9 /* ProfileEditStackView.swift in Sources */ = {isa = PBXBuildFile; fileRef = 92D0F14A2AA11793007D0EE9 /* ProfileEditStackView.swift */; };
		92D0F14D2AA1180E007D0EE9 /* ProfileEditViewController.swift in Sources */ = {isa = PBXBuildFile; fileRef = 92D0F14C2AA1180E007D0EE9 /* ProfileEditViewController.swift */; };
/* End PBXBuildFile section */

/* Begin PBXContainerItemProxy section */
		3DEE59D82A97E00F00F84C21 /* PBXContainerItemProxy */ = {
			isa = PBXContainerItemProxy;
			containerPortal = 3F68068B29CBBAF100B4F915 /* Project object */;
			proxyType = 1;
			remoteGlobalIDString = 3F68069229CBBAF100B4F915;
			remoteInfo = "NFT Marketplace";
		};
		3DEE59EB2A97E2D600F84C21 /* PBXContainerItemProxy */ = {
			isa = PBXContainerItemProxy;
			containerPortal = 3F68068B29CBBAF100B4F915 /* Project object */;
			proxyType = 1;
			remoteGlobalIDString = 3F68069229CBBAF100B4F915;
			remoteInfo = "NFT Marketplace";
		};
/* End PBXContainerItemProxy section */

/* Begin PBXFileReference section */
		3DEBDFCD2A97CE4F001C7517 /* Strings.swift */ = {isa = PBXFileReference; lastKnownFileType = sourcecode.swift; path = Strings.swift; sourceTree = "<group>"; };
		3DEBDFCF2A97CE8E001C7517 /* CartViewController.swift */ = {isa = PBXFileReference; lastKnownFileType = sourcecode.swift; path = CartViewController.swift; sourceTree = "<group>"; };
		3DEBDFD32A97D17B001C7517 /* StarRatingView.swift */ = {isa = PBXFileReference; lastKnownFileType = sourcecode.swift; path = StarRatingView.swift; sourceTree = "<group>"; };
		3DEBDFD52A97D1A9001C7517 /* CustomButton.swift */ = {isa = PBXFileReference; lastKnownFileType = sourcecode.swift; path = CustomButton.swift; sourceTree = "<group>"; };
		3DEBDFD92A97D45B001C7517 /* CartController.swift */ = {isa = PBXFileReference; lastKnownFileType = sourcecode.swift; path = CartController.swift; sourceTree = "<group>"; };
		3DEBDFDB2A97D474001C7517 /* CartControllerProtocol.swift */ = {isa = PBXFileReference; lastKnownFileType = sourcecode.swift; path = CartControllerProtocol.swift; sourceTree = "<group>"; };
		3DEBDFDD2A97D48E001C7517 /* FavouriteNFTController.swift */ = {isa = PBXFileReference; lastKnownFileType = sourcecode.swift; path = FavouriteNFTController.swift; sourceTree = "<group>"; };
		3DEBDFDF2A97D4A5001C7517 /* FavouriteNFTControllerProtocol.swift */ = {isa = PBXFileReference; lastKnownFileType = sourcecode.swift; path = FavouriteNFTControllerProtocol.swift; sourceTree = "<group>"; };
		3DEBDFE12A97D4C9001C7517 /* NFT.swift */ = {isa = PBXFileReference; lastKnownFileType = sourcecode.swift; path = NFT.swift; sourceTree = "<group>"; };
		3DEE59D42A97E00F00F84C21 /* NFT MarketplaceTests.xctest */ = {isa = PBXFileReference; explicitFileType = wrapper.cfbundle; includeInIndex = 0; path = "NFT MarketplaceTests.xctest"; sourceTree = BUILT_PRODUCTS_DIR; };
		3DEE59DD2A97E06200F84C21 /* CartControllerTests.swift */ = {isa = PBXFileReference; lastKnownFileType = sourcecode.swift; path = CartControllerTests.swift; sourceTree = "<group>"; };
		3DEE59DF2A97E22600F84C21 /* FavouriteNFTControllerTests.swift */ = {isa = PBXFileReference; lastKnownFileType = sourcecode.swift; path = FavouriteNFTControllerTests.swift; sourceTree = "<group>"; };
		3DEE59E52A97E2D500F84C21 /* NFT MarketplaceUITests.xctest */ = {isa = PBXFileReference; explicitFileType = wrapper.cfbundle; includeInIndex = 0; path = "NFT MarketplaceUITests.xctest"; sourceTree = BUILT_PRODUCTS_DIR; };
		3DEE59E72A97E2D600F84C21 /* NFT_MarketplaceUITests.swift */ = {isa = PBXFileReference; lastKnownFileType = sourcecode.swift; path = NFT_MarketplaceUITests.swift; sourceTree = "<group>"; };
		3F478ECE29DB474E00F6D39E /* Colors.swift */ = {isa = PBXFileReference; lastKnownFileType = sourcecode.swift; path = Colors.swift; sourceTree = "<group>"; };
		3F478ED029DB476500F6D39E /* Fonts.swift */ = {isa = PBXFileReference; lastKnownFileType = sourcecode.swift; path = Fonts.swift; sourceTree = "<group>"; };
		3F68069329CBBAF100B4F915 /* NFT Marketplace.app */ = {isa = PBXFileReference; explicitFileType = wrapper.application; includeInIndex = 0; path = "NFT Marketplace.app"; sourceTree = BUILT_PRODUCTS_DIR; };
		3F68069629CBBAF100B4F915 /* AppDelegate.swift */ = {isa = PBXFileReference; lastKnownFileType = sourcecode.swift; path = AppDelegate.swift; sourceTree = "<group>"; };
		3F68069829CBBAF100B4F915 /* SceneDelegate.swift */ = {isa = PBXFileReference; lastKnownFileType = sourcecode.swift; path = SceneDelegate.swift; sourceTree = "<group>"; };
		3F68069A29CBBAF100B4F915 /* ProductDetailsTableViewController.swift */ = {isa = PBXFileReference; lastKnownFileType = sourcecode.swift; path = ProductDetailsTableViewController.swift; sourceTree = "<group>"; };
		3F68069F29CBBAF200B4F915 /* Assets.xcassets */ = {isa = PBXFileReference; lastKnownFileType = folder.assetcatalog; path = Assets.xcassets; sourceTree = "<group>"; };
		3F6806A229CBBAF200B4F915 /* Base */ = {isa = PBXFileReference; lastKnownFileType = file.storyboard; name = Base; path = Base.lproj/LaunchScreen.storyboard; sourceTree = "<group>"; };
		3F6806A429CBBAF200B4F915 /* Info.plist */ = {isa = PBXFileReference; lastKnownFileType = text.plist.xml; path = Info.plist; sourceTree = "<group>"; };
		3F6806D029CBBE6B00B4F915 /* NetworkClient.swift */ = {isa = PBXFileReference; lastKnownFileType = sourcecode.swift; path = NetworkClient.swift; sourceTree = "<group>"; };
		3F6806D229CBBE9600B4F915 /* NetworkRequest.swift */ = {isa = PBXFileReference; lastKnownFileType = sourcecode.swift; path = NetworkRequest.swift; sourceTree = "<group>"; };
		3F6806D429CBBEC700B4F915 /* NetworkTask.swift */ = {isa = PBXFileReference; lastKnownFileType = sourcecode.swift; path = NetworkTask.swift; sourceTree = "<group>"; };
		3F6806D629CBC50A00B4F915 /* CellsReusingUtils.swift */ = {isa = PBXFileReference; lastKnownFileType = sourcecode.swift; path = CellsReusingUtils.swift; sourceTree = "<group>"; };
		3FC8C38A29D242E90081F015 /* ProductDetailsTableViewCell.swift */ = {isa = PBXFileReference; lastKnownFileType = sourcecode.swift; path = ProductDetailsTableViewCell.swift; sourceTree = "<group>"; };
		3FC8C39029D2453B0081F015 /* ExampleRequest.swift */ = {isa = PBXFileReference; lastKnownFileType = sourcecode.swift; path = ExampleRequest.swift; sourceTree = "<group>"; };
		3FC8C39229D246BA0081F015 /* DateFormatters+Presets.swift */ = {isa = PBXFileReference; lastKnownFileType = sourcecode.swift; path = "DateFormatters+Presets.swift"; sourceTree = "<group>"; };
		920BE3762A98A43A009B2F43 /* UIColor + Extension.swift */ = {isa = PBXFileReference; fileEncoding = 4; lastKnownFileType = sourcecode.swift; path = "UIColor + Extension.swift"; sourceTree = "<group>"; };
		927DBB332AA0D9DC00A04FDF /* AppConfiguration.swift */ = {isa = PBXFileReference; fileEncoding = 4; lastKnownFileType = sourcecode.swift; path = AppConfiguration.swift; sourceTree = "<group>"; };
		927DBB352AA0D9E700A04FDF /* TabBarController.swift */ = {isa = PBXFileReference; fileEncoding = 4; lastKnownFileType = sourcecode.swift; path = TabBarController.swift; sourceTree = "<group>"; };
		928F6B452AA0C1F2003023DD /* Декомпозиция Профиля.md */ = {isa = PBXFileReference; fileEncoding = 4; lastKnownFileType = net.daringfireball.markdown; path = "Декомпозиция Профиля.md"; sourceTree = "<group>"; };
		928F6B472AA0C373003023DD /* ProfileButton.swift */ = {isa = PBXFileReference; fileEncoding = 4; lastKnownFileType = sourcecode.swift; path = ProfileButton.swift; sourceTree = "<group>"; };
		928F6B4E2AA0C3E0003023DD /* UserProfile.swift */ = {isa = PBXFileReference; fileEncoding = 4; lastKnownFileType = sourcecode.swift; path = UserProfile.swift; sourceTree = "<group>"; };
		928F6B532AA0C42D003023DD /* ProfileViewController.swift */ = {isa = PBXFileReference; fileEncoding = 4; lastKnownFileType = sourcecode.swift; path = ProfileViewController.swift; sourceTree = "<group>"; };
		928F6B542AA0C42D003023DD /* ProfileService.swift */ = {isa = PBXFileReference; fileEncoding = 4; lastKnownFileType = sourcecode.swift; path = ProfileService.swift; sourceTree = "<group>"; };
		928F6B552AA0C42D003023DD /* ProfileVCPresenter.swift */ = {isa = PBXFileReference; fileEncoding = 4; lastKnownFileType = sourcecode.swift; path = ProfileVCPresenter.swift; sourceTree = "<group>"; };
		928F6B5A2AA0C445003023DD /* UserProfileStackView.swift */ = {isa = PBXFileReference; fileEncoding = 4; lastKnownFileType = sourcecode.swift; path = UserProfileStackView.swift; sourceTree = "<group>"; };
		928F6B5B2AA0C445003023DD /* ProfileButtonsStackView.swift */ = {isa = PBXFileReference; fileEncoding = 4; lastKnownFileType = sourcecode.swift; path = ProfileButtonsStackView.swift; sourceTree = "<group>"; };
		92D0F14A2AA11793007D0EE9 /* ProfileEditStackView.swift */ = {isa = PBXFileReference; lastKnownFileType = sourcecode.swift; path = ProfileEditStackView.swift; sourceTree = "<group>"; };
		92D0F14C2AA1180E007D0EE9 /* ProfileEditViewController.swift */ = {isa = PBXFileReference; lastKnownFileType = sourcecode.swift; path = ProfileEditViewController.swift; sourceTree = "<group>"; };
/* End PBXFileReference section */

/* Begin PBXFrameworksBuildPhase section */
		3DEE59D12A97E00F00F84C21 /* Frameworks */ = {
			isa = PBXFrameworksBuildPhase;
			buildActionMask = 2147483647;
			files = (
			);
			runOnlyForDeploymentPostprocessing = 0;
		};
		3DEE59E22A97E2D500F84C21 /* Frameworks */ = {
			isa = PBXFrameworksBuildPhase;
			buildActionMask = 2147483647;
			files = (
			);
			runOnlyForDeploymentPostprocessing = 0;
		};
		3F68069029CBBAF100B4F915 /* Frameworks */ = {
			isa = PBXFrameworksBuildPhase;
			buildActionMask = 2147483647;
			files = (
				3F603CD029DB4A74000C43D7 /* Kingfisher in Frameworks */,
				3F603CCD29DB4A53000C43D7 /* ProgressHUD in Frameworks */,
			);
			runOnlyForDeploymentPostprocessing = 0;
		};
/* End PBXFrameworksBuildPhase section */

/* Begin PBXGroup section */
		3DEBDFC72A97CDB9001C7517 /* AppConfiguration */ = {
			isa = PBXGroup;
			children = (
				927DBB332AA0D9DC00A04FDF /* AppConfiguration.swift */,
			);
			path = AppConfiguration;
			sourceTree = "<group>";
		};
		3DEBDFC82A97CDC1001C7517 /* TabBarController */ = {
			isa = PBXGroup;
			children = (
				927DBB352AA0D9E700A04FDF /* TabBarController.swift */,
			);
			path = TabBarController;
			sourceTree = "<group>";
		};
		3DEBDFD12A97CE94001C7517 /* Cart */ = {
			isa = PBXGroup;
			children = (
				3DEBDFCF2A97CE8E001C7517 /* CartViewController.swift */,
			);
			path = Cart;
			sourceTree = "<group>";
		};
		3DEBDFD22A97D14E001C7517 /* ReusableViews */ = {
			isa = PBXGroup;
			children = (
				928F6B472AA0C373003023DD /* ProfileButton.swift */,
				3DEBDFD32A97D17B001C7517 /* StarRatingView.swift */,
				3DEBDFD52A97D1A9001C7517 /* CustomButton.swift */,
			);
			path = ReusableViews;
			sourceTree = "<group>";
		};
		3DEBDFD82A97D43C001C7517 /* SharedControllers */ = {
			isa = PBXGroup;
			children = (
				3DEBDFD92A97D45B001C7517 /* CartController.swift */,
				3DEBDFDB2A97D474001C7517 /* CartControllerProtocol.swift */,
				3DEBDFDD2A97D48E001C7517 /* FavouriteNFTController.swift */,
				3DEBDFDF2A97D4A5001C7517 /* FavouriteNFTControllerProtocol.swift */,
			);
			path = SharedControllers;
			sourceTree = "<group>";
		};
		3DEE59D52A97E00F00F84C21 /* NFT MarketplaceTests */ = {
			isa = PBXGroup;
			children = (
				3DEE59DD2A97E06200F84C21 /* CartControllerTests.swift */,
				3DEE59DF2A97E22600F84C21 /* FavouriteNFTControllerTests.swift */,
			);
			path = "NFT MarketplaceTests";
			sourceTree = "<group>";
		};
		3DEE59E62A97E2D600F84C21 /* NFT MarketplaceUITests */ = {
			isa = PBXGroup;
			children = (
				3DEE59E72A97E2D600F84C21 /* NFT_MarketplaceUITests.swift */,
			);
			path = "NFT MarketplaceUITests";
			sourceTree = "<group>";
		};
		3F478ECD29DB473000F6D39E /* DesignSystem */ = {
			isa = PBXGroup;
			children = (
				3F478ECE29DB474E00F6D39E /* Colors.swift */,
				3F478ED029DB476500F6D39E /* Fonts.swift */,
			);
			path = DesignSystem;
			sourceTree = "<group>";
		};
		3F68068A29CBBAF100B4F915 = {
			isa = PBXGroup;
			children = (
				3F68069529CBBAF100B4F915 /* NFT Marketplace */,
				3DEE59D52A97E00F00F84C21 /* NFT MarketplaceTests */,
				3DEE59E62A97E2D600F84C21 /* NFT MarketplaceUITests */,
				3F68069429CBBAF100B4F915 /* Products */,
			);
			sourceTree = "<group>";
		};
		3F68069429CBBAF100B4F915 /* Products */ = {
			isa = PBXGroup;
			children = (
				3F68069329CBBAF100B4F915 /* NFT Marketplace.app */,
				3DEE59D42A97E00F00F84C21 /* NFT MarketplaceTests.xctest */,
				3DEE59E52A97E2D500F84C21 /* NFT MarketplaceUITests.xctest */,
			);
			name = Products;
			sourceTree = "<group>";
		};
		3F68069529CBBAF100B4F915 /* NFT Marketplace */ = {
			isa = PBXGroup;
			children = (
				928F6B452AA0C1F2003023DD /* Декомпозиция Профиля.md */,
				3F68069629CBBAF100B4F915 /* AppDelegate.swift */,
				3F68069829CBBAF100B4F915 /* SceneDelegate.swift */,
				3DEBDFC72A97CDB9001C7517 /* AppConfiguration */,
				3DEBDFC82A97CDC1001C7517 /* TabBarController */,
				3F478ECD29DB473000F6D39E /* DesignSystem */,
				3F6806CE29CBBD1B00B4F915 /* Foundation */,
				3F6806C929CBBCAF00B4F915 /* Models */,
				3F6806C729CBBC5B00B4F915 /* Scenes  */,
				3DEBDFD22A97D14E001C7517 /* ReusableViews */,
				3F6806C629CBBC4E00B4F915 /* Services */,
				3F68069F29CBBAF200B4F915 /* Assets.xcassets */,
				3F6806A129CBBAF200B4F915 /* LaunchScreen.storyboard */,
				3F6806A429CBBAF200B4F915 /* Info.plist */,
			);
			path = "NFT Marketplace";
			sourceTree = "<group>";
		};
		3F6806C629CBBC4E00B4F915 /* Services */ = {
			isa = PBXGroup;
			children = (
				920BE3752A98A407009B2F43 /* Helpers */,
				3DEBDFD82A97D43C001C7517 /* SharedControllers */,
				3FC8C38F29D245250081F015 /* Requests */,
				3DEBDFCD2A97CE4F001C7517 /* Strings.swift */,
			);
			path = Services;
			sourceTree = "<group>";
		};
		3F6806C729CBBC5B00B4F915 /* Scenes  */ = {
			isa = PBXGroup;
			children = (
				928F6B522AA0C419003023DD /* Profile */,
				3DEBDFD12A97CE94001C7517 /* Cart */,
				3F6806C829CBBC8100B4F915 /* ProductDetails */,
			);
			path = "Scenes ";
			sourceTree = "<group>";
		};
		3F6806C829CBBC8100B4F915 /* ProductDetails */ = {
			isa = PBXGroup;
			children = (
				3F68069A29CBBAF100B4F915 /* ProductDetailsTableViewController.swift */,
				3FC8C38A29D242E90081F015 /* ProductDetailsTableViewCell.swift */,
			);
			path = ProductDetails;
			sourceTree = "<group>";
		};
		3F6806C929CBBCAF00B4F915 /* Models */ = {
			isa = PBXGroup;
			children = (
				928F6B4D2AA0C3BD003023DD /* Profile */,
				3F6806D829CC979D00B4F915 /* Network */,
			);
			path = Models;
			sourceTree = "<group>";
		};
		3F6806CE29CBBD1B00B4F915 /* Foundation */ = {
			isa = PBXGroup;
			children = (
				3F6806CF29CBBDB100B4F915 /* NetworkClient */,
				3F6806D629CBC50A00B4F915 /* CellsReusingUtils.swift */,
				3FC8C39229D246BA0081F015 /* DateFormatters+Presets.swift */,
			);
			path = Foundation;
			sourceTree = "<group>";
		};
		3F6806CF29CBBDB100B4F915 /* NetworkClient */ = {
			isa = PBXGroup;
			children = (
				3F6806D029CBBE6B00B4F915 /* NetworkClient.swift */,
				3F6806D229CBBE9600B4F915 /* NetworkRequest.swift */,
				3F6806D429CBBEC700B4F915 /* NetworkTask.swift */,
			);
			path = NetworkClient;
			sourceTree = "<group>";
		};
		3F6806D829CC979D00B4F915 /* Network */ = {
			isa = PBXGroup;
			children = (
				3DEBDFE12A97D4C9001C7517 /* NFT.swift */,
			);
			path = Network;
			sourceTree = "<group>";
		};
		3FC8C38F29D245250081F015 /* Requests */ = {
			isa = PBXGroup;
			children = (
				3FC8C39029D2453B0081F015 /* ExampleRequest.swift */,
			);
			path = Requests;
			sourceTree = "<group>";
		};
		920BE3752A98A407009B2F43 /* Helpers */ = {
			isa = PBXGroup;
			children = (
				920BE3762A98A43A009B2F43 /* UIColor + Extension.swift */,
			);
			path = Helpers;
			sourceTree = "<group>";
		};
		928F6B4D2AA0C3BD003023DD /* Profile */ = {
			isa = PBXGroup;
			children = (
				928F6B4E2AA0C3E0003023DD /* UserProfile.swift */,
			);
			path = Profile;
			sourceTree = "<group>";
		};
		928F6B522AA0C419003023DD /* Profile */ = {
			isa = PBXGroup;
			children = (
				92D0F1492AA11758007D0EE9 /* ProfileEdit */,
				928F6B542AA0C42D003023DD /* ProfileService.swift */,
				928F6B552AA0C42D003023DD /* ProfileVCPresenter.swift */,
				928F6B532AA0C42D003023DD /* ProfileViewController.swift */,
				928F6B592AA0C435003023DD /* CustomViews */,
			);
			path = Profile;
			sourceTree = "<group>";
		};
		928F6B592AA0C435003023DD /* CustomViews */ = {
			isa = PBXGroup;
			children = (
				928F6B5B2AA0C445003023DD /* ProfileButtonsStackView.swift */,
				928F6B5A2AA0C445003023DD /* UserProfileStackView.swift */,
				92D0F14A2AA11793007D0EE9 /* ProfileEditStackView.swift */,
			);
			path = CustomViews;
			sourceTree = "<group>";
		};
		92D0F1492AA11758007D0EE9 /* ProfileEdit */ = {
			isa = PBXGroup;
			children = (
				92D0F14C2AA1180E007D0EE9 /* ProfileEditViewController.swift */,
			);
			path = ProfileEdit;
			sourceTree = "<group>";
		};
/* End PBXGroup section */

/* Begin PBXNativeTarget section */
		3DEE59D32A97E00F00F84C21 /* NFT MarketplaceTests */ = {
			isa = PBXNativeTarget;
			buildConfigurationList = 3DEE59DA2A97E00F00F84C21 /* Build configuration list for PBXNativeTarget "NFT MarketplaceTests" */;
			buildPhases = (
				3DEE59D02A97E00F00F84C21 /* Sources */,
				3DEE59D12A97E00F00F84C21 /* Frameworks */,
				3DEE59D22A97E00F00F84C21 /* Resources */,
			);
			buildRules = (
			);
			dependencies = (
				3DEE59D92A97E00F00F84C21 /* PBXTargetDependency */,
			);
			name = "NFT MarketplaceTests";
			productName = "NFT MarketplaceTests";
			productReference = 3DEE59D42A97E00F00F84C21 /* NFT MarketplaceTests.xctest */;
			productType = "com.apple.product-type.bundle.unit-test";
		};
		3DEE59E42A97E2D500F84C21 /* NFT MarketplaceUITests */ = {
			isa = PBXNativeTarget;
			buildConfigurationList = 3DEE59ED2A97E2D600F84C21 /* Build configuration list for PBXNativeTarget "NFT MarketplaceUITests" */;
			buildPhases = (
				3DEE59E12A97E2D500F84C21 /* Sources */,
				3DEE59E22A97E2D500F84C21 /* Frameworks */,
				3DEE59E32A97E2D500F84C21 /* Resources */,
			);
			buildRules = (
			);
			dependencies = (
				3DEE59EC2A97E2D600F84C21 /* PBXTargetDependency */,
			);
			name = "NFT MarketplaceUITests";
			productName = "NFT MarketplaceUITests";
			productReference = 3DEE59E52A97E2D500F84C21 /* NFT MarketplaceUITests.xctest */;
			productType = "com.apple.product-type.bundle.ui-testing";
		};
		3F68069229CBBAF100B4F915 /* NFT Marketplace */ = {
			isa = PBXNativeTarget;
			buildConfigurationList = 3F6806BD29CBBAF200B4F915 /* Build configuration list for PBXNativeTarget "NFT Marketplace" */;
			buildPhases = (
				3FC8C39529D24CDB0081F015 /* Swiftlint */,
				3F68068F29CBBAF100B4F915 /* Sources */,
				3F68069029CBBAF100B4F915 /* Frameworks */,
				3F68069129CBBAF100B4F915 /* Resources */,
			);
			buildRules = (
			);
			dependencies = (
			);
			name = "NFT Marketplace";
			packageProductDependencies = (
				3F603CCC29DB4A53000C43D7 /* ProgressHUD */,
				3F603CCF29DB4A74000C43D7 /* Kingfisher */,
			);
			productName = FakeNFT;
			productReference = 3F68069329CBBAF100B4F915 /* NFT Marketplace.app */;
			productType = "com.apple.product-type.application";
		};
/* End PBXNativeTarget section */

/* Begin PBXProject section */
		3F68068B29CBBAF100B4F915 /* Project object */ = {
			isa = PBXProject;
			attributes = {
				BuildIndependentTargetsInParallel = 1;
				LastSwiftUpdateCheck = 1430;
				LastUpgradeCheck = 1420;
				TargetAttributes = {
					3DEE59D32A97E00F00F84C21 = {
						CreatedOnToolsVersion = 14.3.1;
						LastSwiftMigration = 1430;
						TestTargetID = 3F68069229CBBAF100B4F915;
					};
					3DEE59E42A97E2D500F84C21 = {
						CreatedOnToolsVersion = 14.3.1;
						TestTargetID = 3F68069229CBBAF100B4F915;
					};
					3F68069229CBBAF100B4F915 = {
						CreatedOnToolsVersion = 14.2;
					};
				};
			};
			buildConfigurationList = 3F68068E29CBBAF100B4F915 /* Build configuration list for PBXProject "NFT Marketplace" */;
			compatibilityVersion = "Xcode 14.0";
			developmentRegion = en;
			hasScannedForEncodings = 0;
			knownRegions = (
				en,
				Base,
			);
			mainGroup = 3F68068A29CBBAF100B4F915;
			packageReferences = (
				3F603CCB29DB4A53000C43D7 /* XCRemoteSwiftPackageReference "ProgressHUD" */,
				3F603CCE29DB4A74000C43D7 /* XCRemoteSwiftPackageReference "Kingfisher" */,
			);
			productRefGroup = 3F68069429CBBAF100B4F915 /* Products */;
			projectDirPath = "";
			projectRoot = "";
			targets = (
				3F68069229CBBAF100B4F915 /* NFT Marketplace */,
				3DEE59D32A97E00F00F84C21 /* NFT MarketplaceTests */,
				3DEE59E42A97E2D500F84C21 /* NFT MarketplaceUITests */,
			);
		};
/* End PBXProject section */

/* Begin PBXResourcesBuildPhase section */
		3DEE59D22A97E00F00F84C21 /* Resources */ = {
			isa = PBXResourcesBuildPhase;
			buildActionMask = 2147483647;
			files = (
			);
			runOnlyForDeploymentPostprocessing = 0;
		};
		3DEE59E32A97E2D500F84C21 /* Resources */ = {
			isa = PBXResourcesBuildPhase;
			buildActionMask = 2147483647;
			files = (
			);
			runOnlyForDeploymentPostprocessing = 0;
		};
		3F68069129CBBAF100B4F915 /* Resources */ = {
			isa = PBXResourcesBuildPhase;
			buildActionMask = 2147483647;
			files = (
				3F6806A329CBBAF200B4F915 /* LaunchScreen.storyboard in Resources */,
				928F6B462AA0C1F2003023DD /* Декомпозиция Профиля.md in Resources */,
				3F6806A029CBBAF200B4F915 /* Assets.xcassets in Resources */,
			);
			runOnlyForDeploymentPostprocessing = 0;
		};
/* End PBXResourcesBuildPhase section */

/* Begin PBXShellScriptBuildPhase section */
		3FC8C39529D24CDB0081F015 /* Swiftlint */ = {
			isa = PBXShellScriptBuildPhase;
			alwaysOutOfDate = 1;
			buildActionMask = 2147483647;
			files = (
			);
			inputFileListPaths = (
			);
			inputPaths = (
			);
			name = Swiftlint;
			outputFileListPaths = (
			);
			outputPaths = (
			);
			runOnlyForDeploymentPostprocessing = 0;
			shellPath = /bin/sh;
			shellScript = "export PATH=\"$PATH:/opt/homebrew/bin\"\nif which swiftlint > /dev/null; then\n  swiftlint --fix && swiftlint\nelse\n  echo \"warning: SwiftLint not installed, download from https://github.com/realm/SwiftLint\"\nfi\n";
		};
/* End PBXShellScriptBuildPhase section */

/* Begin PBXSourcesBuildPhase section */
		3DEE59D02A97E00F00F84C21 /* Sources */ = {
			isa = PBXSourcesBuildPhase;
			buildActionMask = 2147483647;
			files = (
				3DEE59E02A97E22600F84C21 /* FavouriteNFTControllerTests.swift in Sources */,
				3DEE59DE2A97E06200F84C21 /* CartControllerTests.swift in Sources */,
			);
			runOnlyForDeploymentPostprocessing = 0;
		};
		3DEE59E12A97E2D500F84C21 /* Sources */ = {
			isa = PBXSourcesBuildPhase;
			buildActionMask = 2147483647;
			files = (
				3DEE59E82A97E2D600F84C21 /* NFT_MarketplaceUITests.swift in Sources */,
			);
			runOnlyForDeploymentPostprocessing = 0;
		};
		3F68068F29CBBAF100B4F915 /* Sources */ = {
			isa = PBXSourcesBuildPhase;
			buildActionMask = 2147483647;
			files = (
				928F6B5C2AA0C445003023DD /* UserProfileStackView.swift in Sources */,
				3FC8C38B29D242E90081F015 /* ProductDetailsTableViewCell.swift in Sources */,
				3DEBDFD62A97D1A9001C7517 /* CustomButton.swift in Sources */,
				3F478ECF29DB474E00F6D39E /* Colors.swift in Sources */,
				928F6B582AA0C42D003023DD /* ProfileVCPresenter.swift in Sources */,
				3DEBDFCE2A97CE4F001C7517 /* Strings.swift in Sources */,
				927DBB342AA0D9DC00A04FDF /* AppConfiguration.swift in Sources */,
				3DEBDFDE2A97D48E001C7517 /* FavouriteNFTController.swift in Sources */,
				928F6B562AA0C42D003023DD /* ProfileViewController.swift in Sources */,
				3F478ED129DB476500F6D39E /* Fonts.swift in Sources */,
				92D0F14D2AA1180E007D0EE9 /* ProfileEditViewController.swift in Sources */,
				928F6B5D2AA0C445003023DD /* ProfileButtonsStackView.swift in Sources */,
				3FC8C39329D246BA0081F015 /* DateFormatters+Presets.swift in Sources */,
				3DEBDFE02A97D4A5001C7517 /* FavouriteNFTControllerProtocol.swift in Sources */,
				920BE3772A98A43A009B2F43 /* UIColor + Extension.swift in Sources */,
				3F68069B29CBBAF100B4F915 /* ProductDetailsTableViewController.swift in Sources */,
				927DBB362AA0D9E700A04FDF /* TabBarController.swift in Sources */,
				928F6B572AA0C42D003023DD /* ProfileService.swift in Sources */,
				3F6806D529CBBEC700B4F915 /* NetworkTask.swift in Sources */,
				928F6B4F2AA0C3E0003023DD /* UserProfile.swift in Sources */,
				3F68069729CBBAF100B4F915 /* AppDelegate.swift in Sources */,
				3F68069929CBBAF100B4F915 /* SceneDelegate.swift in Sources */,
				3FC8C39129D2453B0081F015 /* ExampleRequest.swift in Sources */,
				3F6806D729CBC50A00B4F915 /* CellsReusingUtils.swift in Sources */,
				3F6806D329CBBE9600B4F915 /* NetworkRequest.swift in Sources */,
				3DEBDFD02A97CE8E001C7517 /* CartViewController.swift in Sources */,
				3DEBDFDC2A97D474001C7517 /* CartControllerProtocol.swift in Sources */,
				3DEBDFDA2A97D45B001C7517 /* CartController.swift in Sources */,
				3DEBDFE22A97D4C9001C7517 /* NFT.swift in Sources */,
				928F6B482AA0C373003023DD /* ProfileButton.swift in Sources */,
				92D0F14B2AA11793007D0EE9 /* ProfileEditStackView.swift in Sources */,
				3F6806D129CBBE6B00B4F915 /* NetworkClient.swift in Sources */,
				3DEBDFD42A97D17B001C7517 /* StarRatingView.swift in Sources */,
			);
			runOnlyForDeploymentPostprocessing = 0;
		};
/* End PBXSourcesBuildPhase section */

/* Begin PBXTargetDependency section */
		3DEE59D92A97E00F00F84C21 /* PBXTargetDependency */ = {
			isa = PBXTargetDependency;
			target = 3F68069229CBBAF100B4F915 /* NFT Marketplace */;
			targetProxy = 3DEE59D82A97E00F00F84C21 /* PBXContainerItemProxy */;
		};
		3DEE59EC2A97E2D600F84C21 /* PBXTargetDependency */ = {
			isa = PBXTargetDependency;
			target = 3F68069229CBBAF100B4F915 /* NFT Marketplace */;
			targetProxy = 3DEE59EB2A97E2D600F84C21 /* PBXContainerItemProxy */;
		};
/* End PBXTargetDependency section */

/* Begin PBXVariantGroup section */
		3F6806A129CBBAF200B4F915 /* LaunchScreen.storyboard */ = {
			isa = PBXVariantGroup;
			children = (
				3F6806A229CBBAF200B4F915 /* Base */,
			);
			name = LaunchScreen.storyboard;
			sourceTree = "<group>";
		};
/* End PBXVariantGroup section */

/* Begin XCBuildConfiguration section */
		3DEE59DB2A97E00F00F84C21 /* Debug */ = {
			isa = XCBuildConfiguration;
			buildSettings = {
				BUNDLE_LOADER = "$(TEST_HOST)";
				CLANG_ENABLE_MODULES = YES;
				CODE_SIGN_STYLE = Automatic;
				CURRENT_PROJECT_VERSION = 1;
				GENERATE_INFOPLIST_FILE = YES;
				IPHONEOS_DEPLOYMENT_TARGET = 16.4;
				MARKETING_VERSION = 1.0;
				PRODUCT_BUNDLE_IDENTIFIER = "com.practicum.NFT-MarketplaceTests";
				PRODUCT_NAME = "$(TARGET_NAME)";
				SWIFT_EMIT_LOC_STRINGS = NO;
				SWIFT_OPTIMIZATION_LEVEL = "-Onone";
				SWIFT_VERSION = 5.0;
				TARGETED_DEVICE_FAMILY = "1,2";
				TEST_HOST = "$(BUILT_PRODUCTS_DIR)/NFT Marketplace.app/$(BUNDLE_EXECUTABLE_FOLDER_PATH)/NFT Marketplace";
			};
			name = Debug;
		};
		3DEE59DC2A97E00F00F84C21 /* Release */ = {
			isa = XCBuildConfiguration;
			buildSettings = {
				BUNDLE_LOADER = "$(TEST_HOST)";
				CLANG_ENABLE_MODULES = YES;
				CODE_SIGN_STYLE = Automatic;
				CURRENT_PROJECT_VERSION = 1;
				GENERATE_INFOPLIST_FILE = YES;
				IPHONEOS_DEPLOYMENT_TARGET = 16.4;
				MARKETING_VERSION = 1.0;
				PRODUCT_BUNDLE_IDENTIFIER = "com.practicum.NFT-MarketplaceTests";
				PRODUCT_NAME = "$(TARGET_NAME)";
				SWIFT_EMIT_LOC_STRINGS = NO;
				SWIFT_VERSION = 5.0;
				TARGETED_DEVICE_FAMILY = "1,2";
				TEST_HOST = "$(BUILT_PRODUCTS_DIR)/NFT Marketplace.app/$(BUNDLE_EXECUTABLE_FOLDER_PATH)/NFT Marketplace";
			};
			name = Release;
		};
		3DEE59EE2A97E2D600F84C21 /* Debug */ = {
			isa = XCBuildConfiguration;
			buildSettings = {
				CODE_SIGN_STYLE = Automatic;
				CURRENT_PROJECT_VERSION = 1;
				GENERATE_INFOPLIST_FILE = YES;
				IPHONEOS_DEPLOYMENT_TARGET = 16.4;
				MARKETING_VERSION = 1.0;
				PRODUCT_BUNDLE_IDENTIFIER = "com.practicum.NFT-MarketplaceUITests";
				PRODUCT_NAME = "$(TARGET_NAME)";
				SWIFT_EMIT_LOC_STRINGS = NO;
				SWIFT_VERSION = 5.0;
				TARGETED_DEVICE_FAMILY = "1,2";
				TEST_TARGET_NAME = "NFT Marketplace";
			};
			name = Debug;
		};
		3DEE59EF2A97E2D600F84C21 /* Release */ = {
			isa = XCBuildConfiguration;
			buildSettings = {
				CODE_SIGN_STYLE = Automatic;
				CURRENT_PROJECT_VERSION = 1;
				GENERATE_INFOPLIST_FILE = YES;
				IPHONEOS_DEPLOYMENT_TARGET = 16.4;
				MARKETING_VERSION = 1.0;
				PRODUCT_BUNDLE_IDENTIFIER = "com.practicum.NFT-MarketplaceUITests";
				PRODUCT_NAME = "$(TARGET_NAME)";
				SWIFT_EMIT_LOC_STRINGS = NO;
				SWIFT_VERSION = 5.0;
				TARGETED_DEVICE_FAMILY = "1,2";
				TEST_TARGET_NAME = "NFT Marketplace";
			};
			name = Release;
		};
		3F6806BB29CBBAF200B4F915 /* Debug */ = {
			isa = XCBuildConfiguration;
			buildSettings = {
				ALWAYS_SEARCH_USER_PATHS = NO;
				CLANG_ANALYZER_NONNULL = YES;
				CLANG_ANALYZER_NUMBER_OBJECT_CONVERSION = YES_AGGRESSIVE;
				CLANG_CXX_LANGUAGE_STANDARD = "gnu++20";
				CLANG_ENABLE_MODULES = YES;
				CLANG_ENABLE_OBJC_ARC = YES;
				CLANG_ENABLE_OBJC_WEAK = YES;
				CLANG_WARN_BLOCK_CAPTURE_AUTORELEASING = YES;
				CLANG_WARN_BOOL_CONVERSION = YES;
				CLANG_WARN_COMMA = YES;
				CLANG_WARN_CONSTANT_CONVERSION = YES;
				CLANG_WARN_DEPRECATED_OBJC_IMPLEMENTATIONS = YES;
				CLANG_WARN_DIRECT_OBJC_ISA_USAGE = YES_ERROR;
				CLANG_WARN_DOCUMENTATION_COMMENTS = YES;
				CLANG_WARN_EMPTY_BODY = YES;
				CLANG_WARN_ENUM_CONVERSION = YES;
				CLANG_WARN_INFINITE_RECURSION = YES;
				CLANG_WARN_INT_CONVERSION = YES;
				CLANG_WARN_NON_LITERAL_NULL_CONVERSION = YES;
				CLANG_WARN_OBJC_IMPLICIT_RETAIN_SELF = YES;
				CLANG_WARN_OBJC_LITERAL_CONVERSION = YES;
				CLANG_WARN_OBJC_ROOT_CLASS = YES_ERROR;
				CLANG_WARN_QUOTED_INCLUDE_IN_FRAMEWORK_HEADER = YES;
				CLANG_WARN_RANGE_LOOP_ANALYSIS = YES;
				CLANG_WARN_STRICT_PROTOTYPES = YES;
				CLANG_WARN_SUSPICIOUS_MOVE = YES;
				CLANG_WARN_UNGUARDED_AVAILABILITY = YES_AGGRESSIVE;
				CLANG_WARN_UNREACHABLE_CODE = YES;
				CLANG_WARN__DUPLICATE_METHOD_MATCH = YES;
				COPY_PHASE_STRIP = NO;
				DEBUG_INFORMATION_FORMAT = dwarf;
				ENABLE_STRICT_OBJC_MSGSEND = YES;
				ENABLE_TESTABILITY = YES;
				GCC_C_LANGUAGE_STANDARD = gnu11;
				GCC_DYNAMIC_NO_PIC = NO;
				GCC_NO_COMMON_BLOCKS = YES;
				GCC_OPTIMIZATION_LEVEL = 0;
				GCC_PREPROCESSOR_DEFINITIONS = (
					"DEBUG=1",
					"$(inherited)",
				);
				GCC_WARN_64_TO_32_BIT_CONVERSION = YES;
				GCC_WARN_ABOUT_RETURN_TYPE = YES_ERROR;
				GCC_WARN_UNDECLARED_SELECTOR = YES;
				GCC_WARN_UNINITIALIZED_AUTOS = YES_AGGRESSIVE;
				GCC_WARN_UNUSED_FUNCTION = YES;
				GCC_WARN_UNUSED_VARIABLE = YES;
				IPHONEOS_DEPLOYMENT_TARGET = 14.0;
				MTL_ENABLE_DEBUG_INFO = INCLUDE_SOURCE;
				MTL_FAST_MATH = YES;
				ONLY_ACTIVE_ARCH = YES;
				SDKROOT = iphoneos;
				SWIFT_ACTIVE_COMPILATION_CONDITIONS = DEBUG;
				SWIFT_OPTIMIZATION_LEVEL = "-Onone";
			};
			name = Debug;
		};
		3F6806BC29CBBAF200B4F915 /* Release */ = {
			isa = XCBuildConfiguration;
			buildSettings = {
				ALWAYS_SEARCH_USER_PATHS = NO;
				CLANG_ANALYZER_NONNULL = YES;
				CLANG_ANALYZER_NUMBER_OBJECT_CONVERSION = YES_AGGRESSIVE;
				CLANG_CXX_LANGUAGE_STANDARD = "gnu++20";
				CLANG_ENABLE_MODULES = YES;
				CLANG_ENABLE_OBJC_ARC = YES;
				CLANG_ENABLE_OBJC_WEAK = YES;
				CLANG_WARN_BLOCK_CAPTURE_AUTORELEASING = YES;
				CLANG_WARN_BOOL_CONVERSION = YES;
				CLANG_WARN_COMMA = YES;
				CLANG_WARN_CONSTANT_CONVERSION = YES;
				CLANG_WARN_DEPRECATED_OBJC_IMPLEMENTATIONS = YES;
				CLANG_WARN_DIRECT_OBJC_ISA_USAGE = YES_ERROR;
				CLANG_WARN_DOCUMENTATION_COMMENTS = YES;
				CLANG_WARN_EMPTY_BODY = YES;
				CLANG_WARN_ENUM_CONVERSION = YES;
				CLANG_WARN_INFINITE_RECURSION = YES;
				CLANG_WARN_INT_CONVERSION = YES;
				CLANG_WARN_NON_LITERAL_NULL_CONVERSION = YES;
				CLANG_WARN_OBJC_IMPLICIT_RETAIN_SELF = YES;
				CLANG_WARN_OBJC_LITERAL_CONVERSION = YES;
				CLANG_WARN_OBJC_ROOT_CLASS = YES_ERROR;
				CLANG_WARN_QUOTED_INCLUDE_IN_FRAMEWORK_HEADER = YES;
				CLANG_WARN_RANGE_LOOP_ANALYSIS = YES;
				CLANG_WARN_STRICT_PROTOTYPES = YES;
				CLANG_WARN_SUSPICIOUS_MOVE = YES;
				CLANG_WARN_UNGUARDED_AVAILABILITY = YES_AGGRESSIVE;
				CLANG_WARN_UNREACHABLE_CODE = YES;
				CLANG_WARN__DUPLICATE_METHOD_MATCH = YES;
				COPY_PHASE_STRIP = NO;
				DEBUG_INFORMATION_FORMAT = "dwarf-with-dsym";
				ENABLE_NS_ASSERTIONS = NO;
				ENABLE_STRICT_OBJC_MSGSEND = YES;
				GCC_C_LANGUAGE_STANDARD = gnu11;
				GCC_NO_COMMON_BLOCKS = YES;
				GCC_WARN_64_TO_32_BIT_CONVERSION = YES;
				GCC_WARN_ABOUT_RETURN_TYPE = YES_ERROR;
				GCC_WARN_UNDECLARED_SELECTOR = YES;
				GCC_WARN_UNINITIALIZED_AUTOS = YES_AGGRESSIVE;
				GCC_WARN_UNUSED_FUNCTION = YES;
				GCC_WARN_UNUSED_VARIABLE = YES;
				IPHONEOS_DEPLOYMENT_TARGET = 14.0;
				MTL_ENABLE_DEBUG_INFO = NO;
				MTL_FAST_MATH = YES;
				SDKROOT = iphoneos;
				SWIFT_COMPILATION_MODE = wholemodule;
				SWIFT_OPTIMIZATION_LEVEL = "-O";
				VALIDATE_PRODUCT = YES;
			};
			name = Release;
		};
		3F6806BE29CBBAF200B4F915 /* Debug */ = {
			isa = XCBuildConfiguration;
			buildSettings = {
				ASSETCATALOG_COMPILER_APPICON_NAME = AppIcon;
				ASSETCATALOG_COMPILER_GLOBAL_ACCENT_COLOR_NAME = AccentColor;
				CODE_SIGN_STYLE = Automatic;
				CURRENT_PROJECT_VERSION = 1;
				GENERATE_INFOPLIST_FILE = YES;
				INFOPLIST_FILE = "NFT Marketplace/Info.plist";
				INFOPLIST_KEY_CFBundleDisplayName = "NFT Marketplace";
				INFOPLIST_KEY_UIApplicationSupportsIndirectInputEvents = YES;
				INFOPLIST_KEY_UILaunchStoryboardName = LaunchScreen;
				INFOPLIST_KEY_UISupportedInterfaceOrientations = UIInterfaceOrientationPortrait;
				INFOPLIST_KEY_UISupportedInterfaceOrientations_iPad = "UIInterfaceOrientationLandscapeLeft UIInterfaceOrientationLandscapeRight UIInterfaceOrientationPortrait UIInterfaceOrientationPortraitUpsideDown";
				IPHONEOS_DEPLOYMENT_TARGET = 14.0;
				LD_RUNPATH_SEARCH_PATHS = (
					"$(inherited)",
					"@executable_path/Frameworks",
				);
				MARKETING_VERSION = 1.0;
				PRODUCT_BUNDLE_IDENTIFIER = "com.practicum.NFT-Marketplace";
				PRODUCT_NAME = "$(TARGET_NAME)";
				SUPPORTED_PLATFORMS = "iphoneos iphonesimulator";
				SUPPORTS_MACCATALYST = NO;
				SUPPORTS_MAC_DESIGNED_FOR_IPHONE_IPAD = NO;
				SWIFT_EMIT_LOC_STRINGS = YES;
				SWIFT_VERSION = 5.0;
				TARGETED_DEVICE_FAMILY = 1;
			};
			name = Debug;
		};
		3F6806BF29CBBAF200B4F915 /* Release */ = {
			isa = XCBuildConfiguration;
			buildSettings = {
				ASSETCATALOG_COMPILER_APPICON_NAME = AppIcon;
				ASSETCATALOG_COMPILER_GLOBAL_ACCENT_COLOR_NAME = AccentColor;
				CODE_SIGN_STYLE = Automatic;
				CURRENT_PROJECT_VERSION = 1;
				GENERATE_INFOPLIST_FILE = YES;
				INFOPLIST_FILE = "NFT Marketplace/Info.plist";
				INFOPLIST_KEY_CFBundleDisplayName = "NFT Marketplace";
				INFOPLIST_KEY_UIApplicationSupportsIndirectInputEvents = YES;
				INFOPLIST_KEY_UILaunchStoryboardName = LaunchScreen;
				INFOPLIST_KEY_UISupportedInterfaceOrientations = UIInterfaceOrientationPortrait;
				INFOPLIST_KEY_UISupportedInterfaceOrientations_iPad = "UIInterfaceOrientationLandscapeLeft UIInterfaceOrientationLandscapeRight UIInterfaceOrientationPortrait UIInterfaceOrientationPortraitUpsideDown";
				IPHONEOS_DEPLOYMENT_TARGET = 14.0;
				LD_RUNPATH_SEARCH_PATHS = (
					"$(inherited)",
					"@executable_path/Frameworks",
				);
				MARKETING_VERSION = 1.0;
				PRODUCT_BUNDLE_IDENTIFIER = "com.practicum.NFT-Marketplace";
				PRODUCT_NAME = "$(TARGET_NAME)";
				SUPPORTED_PLATFORMS = "iphoneos iphonesimulator";
				SUPPORTS_MACCATALYST = NO;
				SUPPORTS_MAC_DESIGNED_FOR_IPHONE_IPAD = NO;
				SWIFT_EMIT_LOC_STRINGS = YES;
				SWIFT_VERSION = 5.0;
				TARGETED_DEVICE_FAMILY = 1;
			};
			name = Release;
		};
/* End XCBuildConfiguration section */

/* Begin XCConfigurationList section */
		3DEE59DA2A97E00F00F84C21 /* Build configuration list for PBXNativeTarget "NFT MarketplaceTests" */ = {
			isa = XCConfigurationList;
			buildConfigurations = (
				3DEE59DB2A97E00F00F84C21 /* Debug */,
				3DEE59DC2A97E00F00F84C21 /* Release */,
			);
			defaultConfigurationIsVisible = 0;
			defaultConfigurationName = Release;
		};
		3DEE59ED2A97E2D600F84C21 /* Build configuration list for PBXNativeTarget "NFT MarketplaceUITests" */ = {
			isa = XCConfigurationList;
			buildConfigurations = (
				3DEE59EE2A97E2D600F84C21 /* Debug */,
				3DEE59EF2A97E2D600F84C21 /* Release */,
			);
			defaultConfigurationIsVisible = 0;
			defaultConfigurationName = Release;
		};
		3F68068E29CBBAF100B4F915 /* Build configuration list for PBXProject "NFT Marketplace" */ = {
			isa = XCConfigurationList;
			buildConfigurations = (
				3F6806BB29CBBAF200B4F915 /* Debug */,
				3F6806BC29CBBAF200B4F915 /* Release */,
			);
			defaultConfigurationIsVisible = 0;
			defaultConfigurationName = Release;
		};
		3F6806BD29CBBAF200B4F915 /* Build configuration list for PBXNativeTarget "NFT Marketplace" */ = {
			isa = XCConfigurationList;
			buildConfigurations = (
				3F6806BE29CBBAF200B4F915 /* Debug */,
				3F6806BF29CBBAF200B4F915 /* Release */,
			);
			defaultConfigurationIsVisible = 0;
			defaultConfigurationName = Release;
		};
/* End XCConfigurationList section */

/* Begin XCRemoteSwiftPackageReference section */
		3F603CCB29DB4A53000C43D7 /* XCRemoteSwiftPackageReference "ProgressHUD" */ = {
			isa = XCRemoteSwiftPackageReference;
			repositoryURL = "https://github.com/relatedcode/ProgressHUD";
			requirement = {
				kind = upToNextMajorVersion;
				minimumVersion = 13.0.0;
			};
		};
		3F603CCE29DB4A74000C43D7 /* XCRemoteSwiftPackageReference "Kingfisher" */ = {
			isa = XCRemoteSwiftPackageReference;
			repositoryURL = "https://github.com/onevcat/Kingfisher.git";
			requirement = {
				kind = upToNextMajorVersion;
				minimumVersion = 7.0.0;
			};
		};
/* End XCRemoteSwiftPackageReference section */

/* Begin XCSwiftPackageProductDependency section */
		3F603CCC29DB4A53000C43D7 /* ProgressHUD */ = {
			isa = XCSwiftPackageProductDependency;
			package = 3F603CCB29DB4A53000C43D7 /* XCRemoteSwiftPackageReference "ProgressHUD" */;
			productName = ProgressHUD;
		};
		3F603CCF29DB4A74000C43D7 /* Kingfisher */ = {
			isa = XCSwiftPackageProductDependency;
			package = 3F603CCE29DB4A74000C43D7 /* XCRemoteSwiftPackageReference "Kingfisher" */;
			productName = Kingfisher;
		};
/* End XCSwiftPackageProductDependency section */
	};
	rootObject = 3F68068B29CBBAF100B4F915 /* Project object */;
}
